// !$*UTF8*$!
{
	archiveVersion = 1;
	classes = {
	};
	objectVersion = 46;
	objects = {

/* Begin PBXBuildFile section */
		2D0427751A6D6CC400222E12 /* CalloutView.xib in Resources */ = {isa = PBXBuildFile; fileRef = 2DBD4EA11A4EEA390055EA3A /* CalloutView.xib */; };
		2D0505CB1A1662DC00171A2E /* BaseDataService.swift in Sources */ = {isa = PBXBuildFile; fileRef = 2D0505CA1A1662DC00171A2E /* BaseDataService.swift */; };
		2D0825EE1A152913008B504E /* AppDelegate.swift in Sources */ = {isa = PBXBuildFile; fileRef = 2D0825ED1A152913008B504E /* AppDelegate.swift */; };
		2D0825F51A152913008B504E /* Images.xcassets in Resources */ = {isa = PBXBuildFile; fileRef = 2D0825F41A152913008B504E /* Images.xcassets */; };
		2D0826201A15299D008B504E /* PickerTableViewCell.swift in Sources */ = {isa = PBXBuildFile; fileRef = 2D08260F1A15299D008B504E /* PickerTableViewCell.swift */; };
		2D08262A1A15299D008B504E /* Main.storyboard in Resources */ = {isa = PBXBuildFile; fileRef = 2D08261E1A15299D008B504E /* Main.storyboard */; };
		2D08262B1A15299D008B504E /* ScheduleOptionsTableViewController.swift in Sources */ = {isa = PBXBuildFile; fileRef = 2D08261F1A15299D008B504E /* ScheduleOptionsTableViewController.swift */; };
		2D12012B1A4D83C20065079E /* GetUniversityBuildings.swift in Sources */ = {isa = PBXBuildFile; fileRef = 2D12012A1A4D83C20065079E /* GetUniversityBuildings.swift */; };
		2D12012D1A4D84380065079E /* UniversityBuilding.swift in Sources */ = {isa = PBXBuildFile; fileRef = 2D12012C1A4D84380065079E /* UniversityBuilding.swift */; };
		2D12012F1A4D88690065079E /* FacultyOfUniversity.swift in Sources */ = {isa = PBXBuildFile; fileRef = 2D12012E1A4D88690065079E /* FacultyOfUniversity.swift */; };
		2D3577221A4DC142006D6914 /* UniversityBuildings.json in Resources */ = {isa = PBXBuildFile; fileRef = 2D3577211A4DC142006D6914 /* UniversityBuildings.json */; };
		2D3744FB1A3DDEF400B60B3A /* CustomSubtitleTableViewCell.swift in Sources */ = {isa = PBXBuildFile; fileRef = 2D3744FA1A3DDEF400B60B3A /* CustomSubtitleTableViewCell.swift */; };
		2D3744FD1A3DE35F00B60B3A /* MessageUI.framework in Frameworks */ = {isa = PBXBuildFile; fileRef = 2D3744FC1A3DE35F00B60B3A /* MessageUI.framework */; };
		2D3FF2B71A23B8AC001BA278 /* DateUtils.m in Sources */ = {isa = PBXBuildFile; fileRef = 2D3FF2B61A23B8AC001BA278 /* DateUtils.m */; };
		2D3FF2BA1A23C00D001BA278 /* NSString+Expanded.m in Sources */ = {isa = PBXBuildFile; fileRef = 2D3FF2B91A23C00D001BA278 /* NSString+Expanded.m */; };
		2D6000E81A1E825D005CB141 /* ScheduleQuery.swift in Sources */ = {isa = PBXBuildFile; fileRef = 2D6000E71A1E825D005CB141 /* ScheduleQuery.swift */; };
		2D6B07F01A3637F30064DD39 /* DateManager.swift in Sources */ = {isa = PBXBuildFile; fileRef = 2D6B07EF1A3637F30064DD39 /* DateManager.swift */; };
		2D716C3E1A38C5AA00CE7F27 /* ListOfTeachersViewController.swift in Sources */ = {isa = PBXBuildFile; fileRef = 2D716C3D1A38C5AA00CE7F27 /* ListOfTeachersViewController.swift */; };
		2D75CF501A22342C006F2A9D /* DaySchedule.swift in Sources */ = {isa = PBXBuildFile; fileRef = 2D75CF4F1A22342C006F2A9D /* DaySchedule.swift */; };
		2D78712D1A3214160062DCFE /* BaseTeacherInfo.swift in Sources */ = {isa = PBXBuildFile; fileRef = 2D78712C1A3214160062DCFE /* BaseTeacherInfo.swift */; };
		2D7871331A34ABDA0062DCFE /* FavoriteEntity.swift in Sources */ = {isa = PBXBuildFile; fileRef = 2D7871321A34ABDA0062DCFE /* FavoriteEntity.swift */; };
		2D7871351A34AF050062DCFE /* FavoriteManager.swift in Sources */ = {isa = PBXBuildFile; fileRef = 2D7871341A34AF050062DCFE /* FavoriteManager.swift */; };
		2D7B6E841A39F2CE002BC208 /* TeacherInfoViewController.swift in Sources */ = {isa = PBXBuildFile; fileRef = 2D7B6E831A39F2CE002BC208 /* TeacherInfoViewController.swift */; };
		2D7B6E861A39F6D4002BC208 /* TeacherPhotoTableViewCell.swift in Sources */ = {isa = PBXBuildFile; fileRef = 2D7B6E851A39F6D4002BC208 /* TeacherPhotoTableViewCell.swift */; };
		2D8D59F01A682DDB00EB1884 /* WeekSchedulesHeaderFooterView.xib in Resources */ = {isa = PBXBuildFile; fileRef = 2DD1BB531A27810C00DB7FCB /* WeekSchedulesHeaderFooterView.xib */; };
		2D96AA651A1BB0BB00EDD9E2 /* Constants.swift in Sources */ = {isa = PBXBuildFile; fileRef = 2D96AA641A1BB0BB00EDD9E2 /* Constants.swift */; };
		2DB1DF451B0FB12100272312 /* RYRussianIndexedCollation.swift in Sources */ = {isa = PBXBuildFile; fileRef = 2DB1DF441B0FB12100272312 /* RYRussianIndexedCollation.swift */; };
		2DB233F71A1BD774005F1447 /* SelectScheduleOptionsViewController.swift in Sources */ = {isa = PBXBuildFile; fileRef = 2DB233F61A1BD774005F1447 /* SelectScheduleOptionsViewController.swift */; };
		2DBD4E931A4EBD240055EA3A /* RYMapViewController.swift in Sources */ = {isa = PBXBuildFile; fileRef = 2DBD4E921A4EBD240055EA3A /* RYMapViewController.swift */; };
		2DBD4E951A4EBD910055EA3A /* RYMapView.swift in Sources */ = {isa = PBXBuildFile; fileRef = 2DBD4E941A4EBD910055EA3A /* RYMapView.swift */; };
		2DBD4E971A4EBDF50055EA3A /* RYBaseMapViewProtocol.swift in Sources */ = {isa = PBXBuildFile; fileRef = 2DBD4E961A4EBDF50055EA3A /* RYBaseMapViewProtocol.swift */; };
		2DBD4E9D1A4EE97D0055EA3A /* LessonLocationMapView.swift in Sources */ = {isa = PBXBuildFile; fileRef = 2DBD4E9B1A4EE97D0055EA3A /* LessonLocationMapView.swift */; };
		2DBD4E9E1A4EE97D0055EA3A /* LessonLocationMapViewController.swift in Sources */ = {isa = PBXBuildFile; fileRef = 2DBD4E9C1A4EE97D0055EA3A /* LessonLocationMapViewController.swift */; };
		2DBD4EA01A4EEA2C0055EA3A /* CalloutView.swift in Sources */ = {isa = PBXBuildFile; fileRef = 2DBD4E9F1A4EEA2C0055EA3A /* CalloutView.swift */; };
		2DBD4EA41A4F14640055EA3A /* LessonLocationMapViewProtocol.swift in Sources */ = {isa = PBXBuildFile; fileRef = 2DBD4EA31A4F14640055EA3A /* LessonLocationMapViewProtocol.swift */; };
		2DBD4EA81A501D3B0055EA3A /* AddressUtils.swift in Sources */ = {isa = PBXBuildFile; fileRef = 2DBD4EA71A501D3B0055EA3A /* AddressUtils.swift */; };
		2DBD4EB11A52D09C0055EA3A /* BaseSchedulesPageViewController.swift in Sources */ = {isa = PBXBuildFile; fileRef = 2DBD4EB01A52D09C0055EA3A /* BaseSchedulesPageViewController.swift */; };
		2DBD4EB31A52D0EE0055EA3A /* StudentSchedulesPageViewController.swift in Sources */ = {isa = PBXBuildFile; fileRef = 2DBD4EB21A52D0EE0055EA3A /* StudentSchedulesPageViewController.swift */; };
		2DBD4EBE1A5ADB6C0055EA3A /* TeacherSchedulesPageViewController.swift in Sources */ = {isa = PBXBuildFile; fileRef = 2DBD4EBD1A5ADB6C0055EA3A /* TeacherSchedulesPageViewController.swift */; };
		2DBD4EC11A5AF9660055EA3A /* WeekSchedulesViewController.swift in Sources */ = {isa = PBXBuildFile; fileRef = 2DBD4EC01A5AF9660055EA3A /* WeekSchedulesViewController.swift */; };
		2DBD4EC31A5AF9B90055EA3A /* StudentWeekSchedulesViewController.swift in Sources */ = {isa = PBXBuildFile; fileRef = 2DBD4EC21A5AF9B90055EA3A /* StudentWeekSchedulesViewController.swift */; };
		2DBD4EC51A5AFE610055EA3A /* TeacherWeekSchedulesViewController.swift in Sources */ = {isa = PBXBuildFile; fileRef = 2DBD4EC41A5AFE610055EA3A /* TeacherWeekSchedulesViewController.swift */; };
		2DBD4ECB1A5B124C0055EA3A /* LessonScheduleEntity.swift in Sources */ = {isa = PBXBuildFile; fileRef = 2DBD4ECA1A5B124C0055EA3A /* LessonScheduleEntity.swift */; };
		2DBD4ECD1A5B12770055EA3A /* TeacherInfoEntity.swift in Sources */ = {isa = PBXBuildFile; fileRef = 2DBD4ECC1A5B12770055EA3A /* TeacherInfoEntity.swift */; };
		2DCF59A81A4C62B500D9F3FA /* AVFoundation.framework in Frameworks */ = {isa = PBXBuildFile; fileRef = 2DCF59A71A4C62B500D9F3FA /* AVFoundation.framework */; };
		2DCF59AA1A4C62C000D9F3FA /* CoreLocation.framework in Frameworks */ = {isa = PBXBuildFile; fileRef = 2DCF59A91A4C62C000D9F3FA /* CoreLocation.framework */; };
		2DCF59AC1A4C62CA00D9F3FA /* CoreText.framework in Frameworks */ = {isa = PBXBuildFile; fileRef = 2DCF59AB1A4C62CA00D9F3FA /* CoreText.framework */; };
		2DCF59AE1A4C62D300D9F3FA /* GLKit.framework in Frameworks */ = {isa = PBXBuildFile; fileRef = 2DCF59AD1A4C62D300D9F3FA /* GLKit.framework */; };
		2DCF59B01A4C62DB00D9F3FA /* ImageIO.framework in Frameworks */ = {isa = PBXBuildFile; fileRef = 2DCF59AF1A4C62DB00D9F3FA /* ImageIO.framework */; };
		2DCF59B21A4C62EE00D9F3FA /* libc++.dylib in Frameworks */ = {isa = PBXBuildFile; fileRef = 2DCF59B11A4C62EE00D9F3FA /* libc++.dylib */; };
		2DCF59B41A4C630B00D9F3FA /* libicucore.dylib in Frameworks */ = {isa = PBXBuildFile; fileRef = 2DCF59B31A4C630B00D9F3FA /* libicucore.dylib */; };
		2DCF59B61A4C631600D9F3FA /* libz.dylib in Frameworks */ = {isa = PBXBuildFile; fileRef = 2DCF59B51A4C631600D9F3FA /* libz.dylib */; };
		2DCF59B81A4C632100D9F3FA /* OpenGLES.framework in Frameworks */ = {isa = PBXBuildFile; fileRef = 2DCF59B71A4C632100D9F3FA /* OpenGLES.framework */; };
		2DCF59BA1A4C632E00D9F3FA /* QuartzCore.framework in Frameworks */ = {isa = PBXBuildFile; fileRef = 2DCF59B91A4C632E00D9F3FA /* QuartzCore.framework */; };
		2DCF59BC1A4C633A00D9F3FA /* SystemConfiguration.framework in Frameworks */ = {isa = PBXBuildFile; fileRef = 2DCF59BB1A4C633A00D9F3FA /* SystemConfiguration.framework */; };
		2DD1BB561A27850100DB7FCB /* WeekSchedulesHeaderFooterView.swift in Sources */ = {isa = PBXBuildFile; fileRef = 2DD1BB551A27850100DB7FCB /* WeekSchedulesHeaderFooterView.swift */; };
		2DDC788A1A2A1D7000C1D966 /* CoreData.xcdatamodeld in Sources */ = {isa = PBXBuildFile; fileRef = 2DDC78881A2A1D7000C1D966 /* CoreData.xcdatamodeld */; };
		2DDC78981A2A2CF100C1D966 /* GroupsEntity.swift in Sources */ = {isa = PBXBuildFile; fileRef = 2DDC78971A2A2CF100C1D966 /* GroupsEntity.swift */; };
		2DDC78A61A2A30A100C1D966 /* CoreData.framework in Frameworks */ = {isa = PBXBuildFile; fileRef = 2DDC78A41A2A308200C1D966 /* CoreData.framework */; };
		2DDC78A91A2A359700C1D966 /* CoreDataHelper.swift in Sources */ = {isa = PBXBuildFile; fileRef = 2DDC78A71A2A359700C1D966 /* CoreDataHelper.swift */; };
		2DDC78AA1A2A359700C1D966 /* CoreDataStore.swift in Sources */ = {isa = PBXBuildFile; fileRef = 2DDC78A81A2A359700C1D966 /* CoreDataStore.swift */; };
		2DDC78B01A2B6DA800C1D966 /* FacultiesEntity.swift in Sources */ = {isa = PBXBuildFile; fileRef = 2DDC78AF1A2B6DA800C1D966 /* FacultiesEntity.swift */; };
		2DDC78B21A2B6DA900C1D966 /* DepartmentsEntity.swift in Sources */ = {isa = PBXBuildFile; fileRef = 2DDC78B11A2B6DA900C1D966 /* DepartmentsEntity.swift */; };
		2DF35A911A40BA0B0010A2F3 /* ListOfTeachersSearchDataSource.swift in Sources */ = {isa = PBXBuildFile; fileRef = 2DF35A901A40BA0B0010A2F3 /* ListOfTeachersSearchDataSource.swift */; };
		2DF35A951A41F5D80010A2F3 /* RoundImageView.swift in Sources */ = {isa = PBXBuildFile; fileRef = 2DF35A941A41F5D80010A2F3 /* RoundImageView.swift */; };
		41684273C2A43345FA5A293C /* Pods_grsu_schedule.framework in Frameworks */ = {isa = PBXBuildFile; fileRef = 8C5B0FF555C30ECD35E9A607 /* Pods_grsu_schedule.framework */; };
		440F2AE32067EC8A006E3B9A /* GeneralSplitViewController.swift in Sources */ = {isa = PBXBuildFile; fileRef = 440F2AE22067EC8A006E3B9A /* GeneralSplitViewController.swift */; };
		440F2AE5206806C3006E3B9A /* SupportStoryboard.storyboard in Resources */ = {isa = PBXBuildFile; fileRef = 440F2AE4206806C3006E3B9A /* SupportStoryboard.storyboard */; };
		440F2AE720684651006E3B9A /* FavoriteSplitViewController.swift in Sources */ = {isa = PBXBuildFile; fileRef = 440F2AE620684651006E3B9A /* FavoriteSplitViewController.swift */; };
		442538691E22D1AA00AFED79 /* OverlayPresentationController.swift in Sources */ = {isa = PBXBuildFile; fileRef = 442538661E22D1AA00AFED79 /* OverlayPresentationController.swift */; };
		4425386A1E22D1AA00AFED79 /* OverlayTransitioningDelegate.swift in Sources */ = {isa = PBXBuildFile; fileRef = 442538671E22D1AA00AFED79 /* OverlayTransitioningDelegate.swift */; };
		4425386D1E22D38C00AFED79 /* BouncyViewControllerAnimator.swift in Sources */ = {isa = PBXBuildFile; fileRef = 4425386C1E22D38C00AFED79 /* BouncyViewControllerAnimator.swift */; };
		4435EBC41E1077AF005F43B5 /* ExpandedScrollView.swift in Sources */ = {isa = PBXBuildFile; fileRef = 4435EBC31E1077AF005F43B5 /* ExpandedScrollView.swift */; };
		4435EBC61E11CC6A005F43B5 /* MainTabBarController.swift in Sources */ = {isa = PBXBuildFile; fileRef = 4435EBC51E11CC6A005F43B5 /* MainTabBarController.swift */; };
		443768521E131C7C00D4EAAA /* UserDefaults.swift in Sources */ = {isa = PBXBuildFile; fileRef = 443768511E131C7C00D4EAAA /* UserDefaults.swift */; };
		4437AE0B1DF629D300156CEE /* NetworkServiceQueryTypeExtension.swift in Sources */ = {isa = PBXBuildFile; fileRef = 4437AE0A1DF629D300156CEE /* NetworkServiceQueryTypeExtension.swift */; };
		443B0B6C2079F88B005125A1 /* LaunchScreen.xib in Resources */ = {isa = PBXBuildFile; fileRef = 443B0B6B2079F88A005125A1 /* LaunchScreen.xib */; };
		443B0B6F2079F8D9005125A1 /* LaunchScreen_ru.xib in Resources */ = {isa = PBXBuildFile; fileRef = 443B0B6D2079F8D9005125A1 /* LaunchScreen_ru.xib */; };
		443B0B702079F8D9005125A1 /* LaunchScreen_be.xib in Resources */ = {isa = PBXBuildFile; fileRef = 443B0B6E2079F8D9005125A1 /* LaunchScreen_be.xib */; };
		443CEC691E087EED002D2EC9 /* AuthenticationService.swift in Sources */ = {isa = PBXBuildFile; fileRef = 443CEC681E087EED002D2EC9 /* AuthenticationService.swift */; };
		443EF03F1E1A902200C8876A /* MySchedulesPageViewController.swift in Sources */ = {isa = PBXBuildFile; fileRef = 443EF03E1E1A902200C8876A /* MySchedulesPageViewController.swift */; };
		44481071206FC3FA0044023E /* UIColorDefault.swift in Sources */ = {isa = PBXBuildFile; fileRef = 44481070206FC3FA0044023E /* UIColorDefault.swift */; };
		44481073206FC5EE0044023E /* CustomSearchController.swift in Sources */ = {isa = PBXBuildFile; fileRef = 44481072206FC5EE0044023E /* CustomSearchController.swift */; };
		44481075206FD9E00044023E /* TempTableViewController.swift in Sources */ = {isa = PBXBuildFile; fileRef = 44481074206FD9E00044023E /* TempTableViewController.swift */; };
		4448107820701D6D0044023E /* TableViewDataSource.swift in Sources */ = {isa = PBXBuildFile; fileRef = 4448107720701D6D0044023E /* TableViewDataSource.swift */; };
		4448107A20713D6B0044023E /* StringExtension.swift in Sources */ = {isa = PBXBuildFile; fileRef = 4448107920713D6A0044023E /* StringExtension.swift */; };
		444822071E10555E00BE1C13 /* RoundBorderButton.swift in Sources */ = {isa = PBXBuildFile; fileRef = 444822061E10555E00BE1C13 /* RoundBorderButton.swift */; };
		444AAD82207184D900F7CF10 /* Parametres.swift in Sources */ = {isa = PBXBuildFile; fileRef = 444AAD81207184D900F7CF10 /* Parametres.swift */; };
		444AAD84207185B500F7CF10 /* LocaleExtension.swift in Sources */ = {isa = PBXBuildFile; fileRef = 444AAD83207185B500F7CF10 /* LocaleExtension.swift */; };
		4450C1831DB6B22900EF2620 /* ParsableManagedObjectExtension.swift in Sources */ = {isa = PBXBuildFile; fileRef = 4450C1821DB6B22900EF2620 /* ParsableManagedObjectExtension.swift */; };
		4452B4D91DEF4CD800CD1A98 /* String+CapitalizingFirstLetter.swift in Sources */ = {isa = PBXBuildFile; fileRef = 4452B4D81DEF4CD800CD1A98 /* String+CapitalizingFirstLetter.swift */; };
		44641E551A5DC5E600AA46BB /* BaseLessonScheduleCell.swift in Sources */ = {isa = PBXBuildFile; fileRef = 44641E531A5DC5E600AA46BB /* BaseLessonScheduleCell.swift */; };
		44641E571A5DC67000AA46BB /* StudentLessonScheduleCell.swift in Sources */ = {isa = PBXBuildFile; fileRef = 44641E561A5DC67000AA46BB /* StudentLessonScheduleCell.swift */; };
		44641E591A5DC69400AA46BB /* StudentActiveLessonScheduleCell.swift in Sources */ = {isa = PBXBuildFile; fileRef = 44641E581A5DC69400AA46BB /* StudentActiveLessonScheduleCell.swift */; };
		44641E5B1A5DC83700AA46BB /* TeacherLessonScheduleCell.swift in Sources */ = {isa = PBXBuildFile; fileRef = 44641E5A1A5DC83700AA46BB /* TeacherLessonScheduleCell.swift */; };
		44641E5D1A5DC84D00AA46BB /* TeacherActiveLessonScheduleCell.swift in Sources */ = {isa = PBXBuildFile; fileRef = 44641E5C1A5DC84D00AA46BB /* TeacherActiveLessonScheduleCell.swift */; };
		446622B41E300D98002B9146 /* FlurryExpanded.swift in Sources */ = {isa = PBXBuildFile; fileRef = 446622B31E300D98002B9146 /* FlurryExpanded.swift */; };
		447063A51E170B120001C29B /* LoginBarButtonItem.swift in Sources */ = {isa = PBXBuildFile; fileRef = 447063A41E170B120001C29B /* LoginBarButtonItem.swift */; };
		447063A71E171AAE0001C29B /* UIStoryboard+app.swift in Sources */ = {isa = PBXBuildFile; fileRef = 447063A61E171AAE0001C29B /* UIStoryboard+app.swift */; };
		447570641E216BB6003C6AD3 /* MenuButton.swift in Sources */ = {isa = PBXBuildFile; fileRef = 447570631E216BB6003C6AD3 /* MenuButton.swift */; };
		4486BC601D837633000DFF58 /* FacultyService.swift in Sources */ = {isa = PBXBuildFile; fileRef = 4486BC5F1D837633000DFF58 /* FacultyService.swift */; };
		448758411D8473320076F019 /* GroupsService.swift in Sources */ = {isa = PBXBuildFile; fileRef = 448758401D8473320076F019 /* GroupsService.swift */; };
		448758431D85F8120076F019 /* QueryInfoType.swift in Sources */ = {isa = PBXBuildFile; fileRef = 448758421D85F8120076F019 /* QueryInfoType.swift */; };
		448758451D85F8460076F019 /* ModelType.swift in Sources */ = {isa = PBXBuildFile; fileRef = 448758441D85F8460076F019 /* ModelType.swift */; };
		4487C7F91E1055D600348B26 /* RoundBorderView.swift in Sources */ = {isa = PBXBuildFile; fileRef = 4487C7F81E1055D600348B26 /* RoundBorderView.swift */; };
		4487C7FB1E10560C00348B26 /* DesignableTextField.swift in Sources */ = {isa = PBXBuildFile; fileRef = 4487C7FA1E10560C00348B26 /* DesignableTextField.swift */; };
		448B066420698D5800BF2D42 /* UIDevice+type.swift in Sources */ = {isa = PBXBuildFile; fileRef = 448B066320698D5800BF2D42 /* UIDevice+type.swift */; };
		4491105520718D5700E6E427 /* Localizable.strings in Resources */ = {isa = PBXBuildFile; fileRef = 4491105720718D5700E6E427 /* Localizable.strings */; };
		449B4A8E1D887AFA00245E82 /* StudentScheduleService.swift in Sources */ = {isa = PBXBuildFile; fileRef = 449B4A8D1D887AFA00245E82 /* StudentScheduleService.swift */; };
		44B64E931E0B159400A09057 /* Student.swift in Sources */ = {isa = PBXBuildFile; fileRef = 44B64E921E0B159400A09057 /* Student.swift */; };
		44B64E951E0B282500A09057 /* AuthenticationViewController.swift in Sources */ = {isa = PBXBuildFile; fileRef = 44B64E941E0B282500A09057 /* AuthenticationViewController.swift */; };
		44B64E971E0B295900A09057 /* MyScheduleViewController.swift in Sources */ = {isa = PBXBuildFile; fileRef = 44B64E961E0B295900A09057 /* MyScheduleViewController.swift */; };
		44BC6F481E146B2B004446F6 /* UserProfileViewController.swift in Sources */ = {isa = PBXBuildFile; fileRef = 44BC6F471E146B2B004446F6 /* UserProfileViewController.swift */; };
		44BC6F4A1E146E5C004446F6 /* TintImageView.swift in Sources */ = {isa = PBXBuildFile; fileRef = 44BC6F491E146E5C004446F6 /* TintImageView.swift */; };
		44BC6F4C1E146E97004446F6 /* UIImage+Tint.swift in Sources */ = {isa = PBXBuildFile; fileRef = 44BC6F4B1E146E97004446F6 /* UIImage+Tint.swift */; };
		44C2395E20797BE000A0B5AF /* InfoPlist.strings in Resources */ = {isa = PBXBuildFile; fileRef = 44C2396020797BE000A0B5AF /* InfoPlist.strings */; };
		44C3A969209DACC800ABDA66 /* StudentMenuCellTableViewCell.swift in Sources */ = {isa = PBXBuildFile; fileRef = 44C3A968209DACC800ABDA66 /* StudentMenuCellTableViewCell.swift */; };
		44C3A96B209DACDC00ABDA66 /* TeacherMenuCellTableViewCell.swift in Sources */ = {isa = PBXBuildFile; fileRef = 44C3A96A209DACDC00ABDA66 /* TeacherMenuCellTableViewCell.swift */; };
		44C7AB132072DF1D00D4EF32 /* structured-swift4.stencil in Resources */ = {isa = PBXBuildFile; fileRef = 44C7AB122072DF1D00D4EF32 /* structured-swift4.stencil */; };
		44C7AB152072E10700D4EF32 /* Strings.swift in Sources */ = {isa = PBXBuildFile; fileRef = 44C7AB142072E10700D4EF32 /* Strings.swift */; };
		44D146221D7F84510076BDF0 /* LocalService.swift in Sources */ = {isa = PBXBuildFile; fileRef = 44D1461E1D7F84510076BDF0 /* LocalService.swift */; };
		44D146231D7F84510076BDF0 /* ManagedObjectType.swift in Sources */ = {isa = PBXBuildFile; fileRef = 44D1461F1D7F84510076BDF0 /* ManagedObjectType.swift */; };
		44D146241D7F84510076BDF0 /* NetworkService.swift in Sources */ = {isa = PBXBuildFile; fileRef = 44D146201D7F84510076BDF0 /* NetworkService.swift */; };
		44D146251D7F84510076BDF0 /* Parsable.swift in Sources */ = {isa = PBXBuildFile; fileRef = 44D146211D7F84510076BDF0 /* Parsable.swift */; };
		44D146271D7F84C00076BDF0 /* DepartmentsService.swift in Sources */ = {isa = PBXBuildFile; fileRef = 44D146261D7F84C00076BDF0 /* DepartmentsService.swift */; };
		44D393EC1DF0CC1700BE7086 /* TeachersService.swift in Sources */ = {isa = PBXBuildFile; fileRef = 44D393EB1DF0CC1700BE7086 /* TeachersService.swift */; };
		44D4EA541D7DD78800C38D1E /* CachePolicy.swift in Sources */ = {isa = PBXBuildFile; fileRef = 44D4EA531D7DD78800C38D1E /* CachePolicy.swift */; };
		44D504181A780DD900265A7C /* Reachability.m in Sources */ = {isa = PBXBuildFile; fileRef = 44D504171A780DD900265A7C /* Reachability.m */; };
		44D5041A1A78147900265A7C /* ReachabilityTableView.swift in Sources */ = {isa = PBXBuildFile; fileRef = 44D504191A78147900265A7C /* ReachabilityTableView.swift */; };
		44D5041C1A7821E600265A7C /* GSReachability.swift in Sources */ = {isa = PBXBuildFile; fileRef = 44D5041B1A7821E600265A7C /* GSReachability.swift */; };
		44F0B1211D8221DC0008D91B /* ServiceError.swift in Sources */ = {isa = PBXBuildFile; fileRef = 44F0B1201D8221DC0008D91B /* ServiceError.swift */; };
		44F0DC991DFB50450048F3AE /* FavoriteViewController.swift in Sources */ = {isa = PBXBuildFile; fileRef = 44F0DC981DFB50450048F3AE /* FavoriteViewController.swift */; };
		44F556FA1D7B577F00DF6FF7 /* Array+Dict.swift in Sources */ = {isa = PBXBuildFile; fileRef = 44F556F91D7B577F00DF6FF7 /* Array+Dict.swift */; };
/* End PBXBuildFile section */

/* Begin PBXFileReference section */
		2D0505CA1A1662DC00171A2E /* BaseDataService.swift */ = {isa = PBXFileReference; fileEncoding = 4; lastKnownFileType = sourcecode.swift; path = BaseDataService.swift; sourceTree = "<group>"; };
		2D0825E81A152913008B504E /* grsu.schedule.app */ = {isa = PBXFileReference; explicitFileType = wrapper.application; includeInIndex = 0; path = grsu.schedule.app; sourceTree = BUILT_PRODUCTS_DIR; };
		2D0825EC1A152913008B504E /* Info.plist */ = {isa = PBXFileReference; lastKnownFileType = text.plist.xml; path = Info.plist; sourceTree = "<group>"; };
		2D0825ED1A152913008B504E /* AppDelegate.swift */ = {isa = PBXFileReference; lastKnownFileType = sourcecode.swift; path = AppDelegate.swift; sourceTree = "<group>"; };
		2D0825F41A152913008B504E /* Images.xcassets */ = {isa = PBXFileReference; lastKnownFileType = folder.assetcatalog; path = Images.xcassets; sourceTree = "<group>"; };
		2D0826021A152913008B504E /* Info.plist */ = {isa = PBXFileReference; lastKnownFileType = text.plist.xml; path = Info.plist; sourceTree = "<group>"; };
		2D0826031A152913008B504E /* grsu_scheduleTests.swift */ = {isa = PBXFileReference; lastKnownFileType = sourcecode.swift; path = grsu_scheduleTests.swift; sourceTree = "<group>"; };
		2D08260F1A15299D008B504E /* PickerTableViewCell.swift */ = {isa = PBXFileReference; fileEncoding = 4; lastKnownFileType = sourcecode.swift; path = PickerTableViewCell.swift; sourceTree = "<group>"; };
		2D08261E1A15299D008B504E /* Main.storyboard */ = {isa = PBXFileReference; fileEncoding = 4; lastKnownFileType = file.storyboard; path = Main.storyboard; sourceTree = "<group>"; };
		2D08261F1A15299D008B504E /* ScheduleOptionsTableViewController.swift */ = {isa = PBXFileReference; fileEncoding = 4; lastKnownFileType = sourcecode.swift; path = ScheduleOptionsTableViewController.swift; sourceTree = "<group>"; };
		2D0A70401A1BB5F900A2A08D /* Foundation.framework */ = {isa = PBXFileReference; lastKnownFileType = wrapper.framework; name = Foundation.framework; path = System/Library/Frameworks/Foundation.framework; sourceTree = SDKROOT; };
		2D12012A1A4D83C20065079E /* GetUniversityBuildings.swift */ = {isa = PBXFileReference; fileEncoding = 4; lastKnownFileType = sourcecode.swift; path = GetUniversityBuildings.swift; sourceTree = "<group>"; };
		2D12012C1A4D84380065079E /* UniversityBuilding.swift */ = {isa = PBXFileReference; fileEncoding = 4; lastKnownFileType = sourcecode.swift; path = UniversityBuilding.swift; sourceTree = "<group>"; };
		2D12012E1A4D88690065079E /* FacultyOfUniversity.swift */ = {isa = PBXFileReference; fileEncoding = 4; lastKnownFileType = sourcecode.swift; path = FacultyOfUniversity.swift; sourceTree = "<group>"; };
		2D3577211A4DC142006D6914 /* UniversityBuildings.json */ = {isa = PBXFileReference; fileEncoding = 4; lastKnownFileType = text.json; path = UniversityBuildings.json; sourceTree = "<group>"; };
		2D3744FA1A3DDEF400B60B3A /* CustomSubtitleTableViewCell.swift */ = {isa = PBXFileReference; fileEncoding = 4; lastKnownFileType = sourcecode.swift; path = CustomSubtitleTableViewCell.swift; sourceTree = "<group>"; };
		2D3744FC1A3DE35F00B60B3A /* MessageUI.framework */ = {isa = PBXFileReference; lastKnownFileType = wrapper.framework; name = MessageUI.framework; path = System/Library/Frameworks/MessageUI.framework; sourceTree = SDKROOT; };
		2D3FF2B41A23B8AC001BA278 /* grsu.schedule-Bridging-Header.h */ = {isa = PBXFileReference; lastKnownFileType = sourcecode.c.h; path = "grsu.schedule-Bridging-Header.h"; sourceTree = "<group>"; };
		2D3FF2B51A23B8AC001BA278 /* DateUtils.h */ = {isa = PBXFileReference; fileEncoding = 4; lastKnownFileType = sourcecode.c.h; path = DateUtils.h; sourceTree = "<group>"; };
		2D3FF2B61A23B8AC001BA278 /* DateUtils.m */ = {isa = PBXFileReference; fileEncoding = 4; lastKnownFileType = sourcecode.c.objc; path = DateUtils.m; sourceTree = "<group>"; };
		2D3FF2B81A23C00D001BA278 /* NSString+Expanded.h */ = {isa = PBXFileReference; fileEncoding = 4; lastKnownFileType = sourcecode.c.h; path = "NSString+Expanded.h"; sourceTree = "<group>"; };
		2D3FF2B91A23C00D001BA278 /* NSString+Expanded.m */ = {isa = PBXFileReference; fileEncoding = 4; lastKnownFileType = sourcecode.c.objc; path = "NSString+Expanded.m"; sourceTree = "<group>"; };
		2D6000E71A1E825D005CB141 /* ScheduleQuery.swift */ = {isa = PBXFileReference; fileEncoding = 4; lastKnownFileType = sourcecode.swift; path = ScheduleQuery.swift; sourceTree = "<group>"; };
		2D6B07EF1A3637F30064DD39 /* DateManager.swift */ = {isa = PBXFileReference; fileEncoding = 4; lastKnownFileType = sourcecode.swift; path = DateManager.swift; sourceTree = "<group>"; };
		2D716C3D1A38C5AA00CE7F27 /* ListOfTeachersViewController.swift */ = {isa = PBXFileReference; fileEncoding = 4; lastKnownFileType = sourcecode.swift; path = ListOfTeachersViewController.swift; sourceTree = "<group>"; };
		2D75CF4F1A22342C006F2A9D /* DaySchedule.swift */ = {isa = PBXFileReference; fileEncoding = 4; lastKnownFileType = sourcecode.swift; path = DaySchedule.swift; sourceTree = "<group>"; };
		2D78712C1A3214160062DCFE /* BaseTeacherInfo.swift */ = {isa = PBXFileReference; fileEncoding = 4; lastKnownFileType = sourcecode.swift; path = BaseTeacherInfo.swift; sourceTree = "<group>"; };
		2D7871321A34ABDA0062DCFE /* FavoriteEntity.swift */ = {isa = PBXFileReference; fileEncoding = 4; lastKnownFileType = sourcecode.swift; path = FavoriteEntity.swift; sourceTree = "<group>"; };
		2D7871341A34AF050062DCFE /* FavoriteManager.swift */ = {isa = PBXFileReference; fileEncoding = 4; lastKnownFileType = sourcecode.swift; path = FavoriteManager.swift; sourceTree = "<group>"; };
		2D7B6E831A39F2CE002BC208 /* TeacherInfoViewController.swift */ = {isa = PBXFileReference; fileEncoding = 4; lastKnownFileType = sourcecode.swift; path = TeacherInfoViewController.swift; sourceTree = "<group>"; };
		2D7B6E851A39F6D4002BC208 /* TeacherPhotoTableViewCell.swift */ = {isa = PBXFileReference; fileEncoding = 4; lastKnownFileType = sourcecode.swift; path = TeacherPhotoTableViewCell.swift; sourceTree = "<group>"; };
		2D96AA641A1BB0BB00EDD9E2 /* Constants.swift */ = {isa = PBXFileReference; fileEncoding = 4; lastKnownFileType = sourcecode.swift; path = Constants.swift; sourceTree = "<group>"; };
		2DB1DF441B0FB12100272312 /* RYRussianIndexedCollation.swift */ = {isa = PBXFileReference; fileEncoding = 4; lastKnownFileType = sourcecode.swift; path = RYRussianIndexedCollation.swift; sourceTree = "<group>"; };
		2DB233F61A1BD774005F1447 /* SelectScheduleOptionsViewController.swift */ = {isa = PBXFileReference; fileEncoding = 4; lastKnownFileType = sourcecode.swift; path = SelectScheduleOptionsViewController.swift; sourceTree = "<group>"; };
		2DBD4E921A4EBD240055EA3A /* RYMapViewController.swift */ = {isa = PBXFileReference; fileEncoding = 4; lastKnownFileType = sourcecode.swift; path = RYMapViewController.swift; sourceTree = "<group>"; };
		2DBD4E941A4EBD910055EA3A /* RYMapView.swift */ = {isa = PBXFileReference; fileEncoding = 4; lastKnownFileType = sourcecode.swift; path = RYMapView.swift; sourceTree = "<group>"; };
		2DBD4E961A4EBDF50055EA3A /* RYBaseMapViewProtocol.swift */ = {isa = PBXFileReference; fileEncoding = 4; lastKnownFileType = sourcecode.swift; path = RYBaseMapViewProtocol.swift; sourceTree = "<group>"; };
		2DBD4E9B1A4EE97D0055EA3A /* LessonLocationMapView.swift */ = {isa = PBXFileReference; fileEncoding = 4; lastKnownFileType = sourcecode.swift; path = LessonLocationMapView.swift; sourceTree = "<group>"; };
		2DBD4E9C1A4EE97D0055EA3A /* LessonLocationMapViewController.swift */ = {isa = PBXFileReference; fileEncoding = 4; lastKnownFileType = sourcecode.swift; path = LessonLocationMapViewController.swift; sourceTree = "<group>"; };
		2DBD4E9F1A4EEA2C0055EA3A /* CalloutView.swift */ = {isa = PBXFileReference; fileEncoding = 4; lastKnownFileType = sourcecode.swift; path = CalloutView.swift; sourceTree = "<group>"; };
		2DBD4EA11A4EEA390055EA3A /* CalloutView.xib */ = {isa = PBXFileReference; fileEncoding = 4; lastKnownFileType = file.xib; path = CalloutView.xib; sourceTree = "<group>"; };
		2DBD4EA31A4F14640055EA3A /* LessonLocationMapViewProtocol.swift */ = {isa = PBXFileReference; fileEncoding = 4; lastKnownFileType = sourcecode.swift; path = LessonLocationMapViewProtocol.swift; sourceTree = "<group>"; };
		2DBD4EA71A501D3B0055EA3A /* AddressUtils.swift */ = {isa = PBXFileReference; fileEncoding = 4; lastKnownFileType = sourcecode.swift; path = AddressUtils.swift; sourceTree = "<group>"; };
		2DBD4EB01A52D09C0055EA3A /* BaseSchedulesPageViewController.swift */ = {isa = PBXFileReference; fileEncoding = 4; lastKnownFileType = sourcecode.swift; path = BaseSchedulesPageViewController.swift; sourceTree = "<group>"; };
		2DBD4EB21A52D0EE0055EA3A /* StudentSchedulesPageViewController.swift */ = {isa = PBXFileReference; fileEncoding = 4; lastKnownFileType = sourcecode.swift; path = StudentSchedulesPageViewController.swift; sourceTree = "<group>"; };
		2DBD4EBD1A5ADB6C0055EA3A /* TeacherSchedulesPageViewController.swift */ = {isa = PBXFileReference; fileEncoding = 4; lastKnownFileType = sourcecode.swift; path = TeacherSchedulesPageViewController.swift; sourceTree = "<group>"; };
		2DBD4EC01A5AF9660055EA3A /* WeekSchedulesViewController.swift */ = {isa = PBXFileReference; fileEncoding = 4; lastKnownFileType = sourcecode.swift; path = WeekSchedulesViewController.swift; sourceTree = "<group>"; };
		2DBD4EC21A5AF9B90055EA3A /* StudentWeekSchedulesViewController.swift */ = {isa = PBXFileReference; fileEncoding = 4; lastKnownFileType = sourcecode.swift; path = StudentWeekSchedulesViewController.swift; sourceTree = "<group>"; };
		2DBD4EC41A5AFE610055EA3A /* TeacherWeekSchedulesViewController.swift */ = {isa = PBXFileReference; fileEncoding = 4; lastKnownFileType = sourcecode.swift; path = TeacherWeekSchedulesViewController.swift; sourceTree = "<group>"; };
		2DBD4ECA1A5B124C0055EA3A /* LessonScheduleEntity.swift */ = {isa = PBXFileReference; fileEncoding = 4; lastKnownFileType = sourcecode.swift; path = LessonScheduleEntity.swift; sourceTree = "<group>"; };
		2DBD4ECC1A5B12770055EA3A /* TeacherInfoEntity.swift */ = {isa = PBXFileReference; fileEncoding = 4; lastKnownFileType = sourcecode.swift; path = TeacherInfoEntity.swift; sourceTree = "<group>"; };
		2DCF59A71A4C62B500D9F3FA /* AVFoundation.framework */ = {isa = PBXFileReference; lastKnownFileType = wrapper.framework; name = AVFoundation.framework; path = System/Library/Frameworks/AVFoundation.framework; sourceTree = SDKROOT; };
		2DCF59A91A4C62C000D9F3FA /* CoreLocation.framework */ = {isa = PBXFileReference; lastKnownFileType = wrapper.framework; name = CoreLocation.framework; path = System/Library/Frameworks/CoreLocation.framework; sourceTree = SDKROOT; };
		2DCF59AB1A4C62CA00D9F3FA /* CoreText.framework */ = {isa = PBXFileReference; lastKnownFileType = wrapper.framework; name = CoreText.framework; path = System/Library/Frameworks/CoreText.framework; sourceTree = SDKROOT; };
		2DCF59AD1A4C62D300D9F3FA /* GLKit.framework */ = {isa = PBXFileReference; lastKnownFileType = wrapper.framework; name = GLKit.framework; path = System/Library/Frameworks/GLKit.framework; sourceTree = SDKROOT; };
		2DCF59AF1A4C62DB00D9F3FA /* ImageIO.framework */ = {isa = PBXFileReference; lastKnownFileType = wrapper.framework; name = ImageIO.framework; path = System/Library/Frameworks/ImageIO.framework; sourceTree = SDKROOT; };
		2DCF59B11A4C62EE00D9F3FA /* libc++.dylib */ = {isa = PBXFileReference; lastKnownFileType = "compiled.mach-o.dylib"; name = "libc++.dylib"; path = "usr/lib/libc++.dylib"; sourceTree = SDKROOT; };
		2DCF59B31A4C630B00D9F3FA /* libicucore.dylib */ = {isa = PBXFileReference; lastKnownFileType = "compiled.mach-o.dylib"; name = libicucore.dylib; path = usr/lib/libicucore.dylib; sourceTree = SDKROOT; };
		2DCF59B51A4C631600D9F3FA /* libz.dylib */ = {isa = PBXFileReference; lastKnownFileType = "compiled.mach-o.dylib"; name = libz.dylib; path = usr/lib/libz.dylib; sourceTree = SDKROOT; };
		2DCF59B71A4C632100D9F3FA /* OpenGLES.framework */ = {isa = PBXFileReference; lastKnownFileType = wrapper.framework; name = OpenGLES.framework; path = System/Library/Frameworks/OpenGLES.framework; sourceTree = SDKROOT; };
		2DCF59B91A4C632E00D9F3FA /* QuartzCore.framework */ = {isa = PBXFileReference; lastKnownFileType = wrapper.framework; name = QuartzCore.framework; path = System/Library/Frameworks/QuartzCore.framework; sourceTree = SDKROOT; };
		2DCF59BB1A4C633A00D9F3FA /* SystemConfiguration.framework */ = {isa = PBXFileReference; lastKnownFileType = wrapper.framework; name = SystemConfiguration.framework; path = System/Library/Frameworks/SystemConfiguration.framework; sourceTree = SDKROOT; };
		2DD1BB531A27810C00DB7FCB /* WeekSchedulesHeaderFooterView.xib */ = {isa = PBXFileReference; fileEncoding = 4; lastKnownFileType = file.xib; path = WeekSchedulesHeaderFooterView.xib; sourceTree = "<group>"; };
		2DD1BB551A27850100DB7FCB /* WeekSchedulesHeaderFooterView.swift */ = {isa = PBXFileReference; fileEncoding = 4; lastKnownFileType = sourcecode.swift; path = WeekSchedulesHeaderFooterView.swift; sourceTree = "<group>"; };
		2DDC78891A2A1D7000C1D966 /* CoreData.xcdatamodel */ = {isa = PBXFileReference; lastKnownFileType = wrapper.xcdatamodel; path = CoreData.xcdatamodel; sourceTree = "<group>"; };
		2DDC78971A2A2CF100C1D966 /* GroupsEntity.swift */ = {isa = PBXFileReference; fileEncoding = 4; lastKnownFileType = sourcecode.swift; path = GroupsEntity.swift; sourceTree = "<group>"; };
		2DDC78A41A2A308200C1D966 /* CoreData.framework */ = {isa = PBXFileReference; lastKnownFileType = wrapper.framework; name = CoreData.framework; path = System/Library/Frameworks/CoreData.framework; sourceTree = SDKROOT; };
		2DDC78A71A2A359700C1D966 /* CoreDataHelper.swift */ = {isa = PBXFileReference; fileEncoding = 4; lastKnownFileType = sourcecode.swift; path = CoreDataHelper.swift; sourceTree = "<group>"; };
		2DDC78A81A2A359700C1D966 /* CoreDataStore.swift */ = {isa = PBXFileReference; fileEncoding = 4; lastKnownFileType = sourcecode.swift; path = CoreDataStore.swift; sourceTree = "<group>"; };
		2DDC78AF1A2B6DA800C1D966 /* FacultiesEntity.swift */ = {isa = PBXFileReference; fileEncoding = 4; lastKnownFileType = sourcecode.swift; path = FacultiesEntity.swift; sourceTree = "<group>"; };
		2DDC78B11A2B6DA900C1D966 /* DepartmentsEntity.swift */ = {isa = PBXFileReference; fileEncoding = 4; lastKnownFileType = sourcecode.swift; path = DepartmentsEntity.swift; sourceTree = "<group>"; };
		2DF35A901A40BA0B0010A2F3 /* ListOfTeachersSearchDataSource.swift */ = {isa = PBXFileReference; fileEncoding = 4; lastKnownFileType = sourcecode.swift; path = ListOfTeachersSearchDataSource.swift; sourceTree = "<group>"; };
		2DF35A941A41F5D80010A2F3 /* RoundImageView.swift */ = {isa = PBXFileReference; fileEncoding = 4; lastKnownFileType = sourcecode.swift; path = RoundImageView.swift; sourceTree = "<group>"; };
		440F2AE22067EC8A006E3B9A /* GeneralSplitViewController.swift */ = {isa = PBXFileReference; lastKnownFileType = sourcecode.swift; path = GeneralSplitViewController.swift; sourceTree = "<group>"; };
		440F2AE4206806C3006E3B9A /* SupportStoryboard.storyboard */ = {isa = PBXFileReference; lastKnownFileType = file.storyboard; path = SupportStoryboard.storyboard; sourceTree = "<group>"; };
		440F2AE620684651006E3B9A /* FavoriteSplitViewController.swift */ = {isa = PBXFileReference; lastKnownFileType = sourcecode.swift; path = FavoriteSplitViewController.swift; sourceTree = "<group>"; };
		442538661E22D1AA00AFED79 /* OverlayPresentationController.swift */ = {isa = PBXFileReference; fileEncoding = 4; lastKnownFileType = sourcecode.swift; path = OverlayPresentationController.swift; sourceTree = "<group>"; };
		442538671E22D1AA00AFED79 /* OverlayTransitioningDelegate.swift */ = {isa = PBXFileReference; fileEncoding = 4; lastKnownFileType = sourcecode.swift; path = OverlayTransitioningDelegate.swift; sourceTree = "<group>"; };
		4425386C1E22D38C00AFED79 /* BouncyViewControllerAnimator.swift */ = {isa = PBXFileReference; fileEncoding = 4; lastKnownFileType = sourcecode.swift; path = BouncyViewControllerAnimator.swift; sourceTree = "<group>"; };
		4435C604271F07EB0041FAED /* CoreData 4.xcdatamodel */ = {isa = PBXFileReference; lastKnownFileType = wrapper.xcdatamodel; path = "CoreData 4.xcdatamodel"; sourceTree = "<group>"; };
		4435EBC31E1077AF005F43B5 /* ExpandedScrollView.swift */ = {isa = PBXFileReference; fileEncoding = 4; lastKnownFileType = sourcecode.swift; path = ExpandedScrollView.swift; sourceTree = "<group>"; };
		4435EBC51E11CC6A005F43B5 /* MainTabBarController.swift */ = {isa = PBXFileReference; fileEncoding = 4; lastKnownFileType = sourcecode.swift; path = MainTabBarController.swift; sourceTree = "<group>"; };
		443768511E131C7C00D4EAAA /* UserDefaults.swift */ = {isa = PBXFileReference; fileEncoding = 4; lastKnownFileType = sourcecode.swift; path = UserDefaults.swift; sourceTree = "<group>"; };
		4437AE0A1DF629D300156CEE /* NetworkServiceQueryTypeExtension.swift */ = {isa = PBXFileReference; fileEncoding = 4; lastKnownFileType = sourcecode.swift; path = NetworkServiceQueryTypeExtension.swift; sourceTree = "<group>"; };
		443B0B6B2079F88A005125A1 /* LaunchScreen.xib */ = {isa = PBXFileReference; fileEncoding = 4; lastKnownFileType = file.xib; path = LaunchScreen.xib; sourceTree = "<group>"; };
		443B0B6D2079F8D9005125A1 /* LaunchScreen_ru.xib */ = {isa = PBXFileReference; fileEncoding = 4; lastKnownFileType = file.xib; path = LaunchScreen_ru.xib; sourceTree = "<group>"; };
		443B0B6E2079F8D9005125A1 /* LaunchScreen_be.xib */ = {isa = PBXFileReference; fileEncoding = 4; lastKnownFileType = file.xib; path = LaunchScreen_be.xib; sourceTree = "<group>"; };
		443CEC681E087EED002D2EC9 /* AuthenticationService.swift */ = {isa = PBXFileReference; fileEncoding = 4; lastKnownFileType = sourcecode.swift; path = AuthenticationService.swift; sourceTree = "<group>"; };
		443EF03E1E1A902200C8876A /* MySchedulesPageViewController.swift */ = {isa = PBXFileReference; fileEncoding = 4; lastKnownFileType = sourcecode.swift; path = MySchedulesPageViewController.swift; sourceTree = "<group>"; };
		44481070206FC3FA0044023E /* UIColorDefault.swift */ = {isa = PBXFileReference; lastKnownFileType = sourcecode.swift; path = UIColorDefault.swift; sourceTree = "<group>"; };
		44481072206FC5EE0044023E /* CustomSearchController.swift */ = {isa = PBXFileReference; fileEncoding = 4; lastKnownFileType = sourcecode.swift; path = CustomSearchController.swift; sourceTree = "<group>"; };
		44481074206FD9E00044023E /* TempTableViewController.swift */ = {isa = PBXFileReference; lastKnownFileType = sourcecode.swift; path = TempTableViewController.swift; sourceTree = "<group>"; };
		4448107720701D6D0044023E /* TableViewDataSource.swift */ = {isa = PBXFileReference; lastKnownFileType = sourcecode.swift; path = TableViewDataSource.swift; sourceTree = "<group>"; };
		4448107920713D6A0044023E /* StringExtension.swift */ = {isa = PBXFileReference; lastKnownFileType = sourcecode.swift; path = StringExtension.swift; sourceTree = "<group>"; };
		444822061E10555E00BE1C13 /* RoundBorderButton.swift */ = {isa = PBXFileReference; fileEncoding = 4; lastKnownFileType = sourcecode.swift; path = RoundBorderButton.swift; sourceTree = "<group>"; };
		444AAD81207184D900F7CF10 /* Parametres.swift */ = {isa = PBXFileReference; lastKnownFileType = sourcecode.swift; path = Parametres.swift; sourceTree = "<group>"; };
		444AAD83207185B500F7CF10 /* LocaleExtension.swift */ = {isa = PBXFileReference; lastKnownFileType = sourcecode.swift; path = LocaleExtension.swift; sourceTree = "<group>"; };
		4450C1821DB6B22900EF2620 /* ParsableManagedObjectExtension.swift */ = {isa = PBXFileReference; fileEncoding = 4; lastKnownFileType = sourcecode.swift; path = ParsableManagedObjectExtension.swift; sourceTree = "<group>"; };
		4452B4D81DEF4CD800CD1A98 /* String+CapitalizingFirstLetter.swift */ = {isa = PBXFileReference; fileEncoding = 4; lastKnownFileType = sourcecode.swift; path = "String+CapitalizingFirstLetter.swift"; sourceTree = "<group>"; };
		44641E531A5DC5E600AA46BB /* BaseLessonScheduleCell.swift */ = {isa = PBXFileReference; fileEncoding = 4; lastKnownFileType = sourcecode.swift; path = BaseLessonScheduleCell.swift; sourceTree = "<group>"; };
		44641E561A5DC67000AA46BB /* StudentLessonScheduleCell.swift */ = {isa = PBXFileReference; fileEncoding = 4; lastKnownFileType = sourcecode.swift; path = StudentLessonScheduleCell.swift; sourceTree = "<group>"; };
		44641E581A5DC69400AA46BB /* StudentActiveLessonScheduleCell.swift */ = {isa = PBXFileReference; fileEncoding = 4; lastKnownFileType = sourcecode.swift; path = StudentActiveLessonScheduleCell.swift; sourceTree = "<group>"; };
		44641E5A1A5DC83700AA46BB /* TeacherLessonScheduleCell.swift */ = {isa = PBXFileReference; fileEncoding = 4; lastKnownFileType = sourcecode.swift; path = TeacherLessonScheduleCell.swift; sourceTree = "<group>"; };
		44641E5C1A5DC84D00AA46BB /* TeacherActiveLessonScheduleCell.swift */ = {isa = PBXFileReference; fileEncoding = 4; lastKnownFileType = sourcecode.swift; path = TeacherActiveLessonScheduleCell.swift; sourceTree = "<group>"; };
		446622B31E300D98002B9146 /* FlurryExpanded.swift */ = {isa = PBXFileReference; fileEncoding = 4; lastKnownFileType = sourcecode.swift; path = FlurryExpanded.swift; sourceTree = "<group>"; };
		447063A41E170B120001C29B /* LoginBarButtonItem.swift */ = {isa = PBXFileReference; fileEncoding = 4; lastKnownFileType = sourcecode.swift; path = LoginBarButtonItem.swift; sourceTree = "<group>"; };
		447063A61E171AAE0001C29B /* UIStoryboard+app.swift */ = {isa = PBXFileReference; fileEncoding = 4; lastKnownFileType = sourcecode.swift; path = "UIStoryboard+app.swift"; sourceTree = "<group>"; };
		447570631E216BB6003C6AD3 /* MenuButton.swift */ = {isa = PBXFileReference; fileEncoding = 4; lastKnownFileType = sourcecode.swift; path = MenuButton.swift; sourceTree = "<group>"; };
		4486BC5F1D837633000DFF58 /* FacultyService.swift */ = {isa = PBXFileReference; fileEncoding = 4; lastKnownFileType = sourcecode.swift; path = FacultyService.swift; sourceTree = "<group>"; };
		448758401D8473320076F019 /* GroupsService.swift */ = {isa = PBXFileReference; fileEncoding = 4; lastKnownFileType = sourcecode.swift; path = GroupsService.swift; sourceTree = "<group>"; };
		448758421D85F8120076F019 /* QueryInfoType.swift */ = {isa = PBXFileReference; fileEncoding = 4; lastKnownFileType = sourcecode.swift; path = QueryInfoType.swift; sourceTree = "<group>"; };
		448758441D85F8460076F019 /* ModelType.swift */ = {isa = PBXFileReference; fileEncoding = 4; lastKnownFileType = sourcecode.swift; path = ModelType.swift; sourceTree = "<group>"; };
		4487C7F81E1055D600348B26 /* RoundBorderView.swift */ = {isa = PBXFileReference; fileEncoding = 4; lastKnownFileType = sourcecode.swift; path = RoundBorderView.swift; sourceTree = "<group>"; };
		4487C7FA1E10560C00348B26 /* DesignableTextField.swift */ = {isa = PBXFileReference; fileEncoding = 4; lastKnownFileType = sourcecode.swift; path = DesignableTextField.swift; sourceTree = "<group>"; };
		448B066320698D5800BF2D42 /* UIDevice+type.swift */ = {isa = PBXFileReference; lastKnownFileType = sourcecode.swift; path = "UIDevice+type.swift"; sourceTree = "<group>"; };
		4491105A20718D8800E6E427 /* be */ = {isa = PBXFileReference; lastKnownFileType = text.plist.strings; name = be; path = be.lproj/Localizable.strings; sourceTree = "<group>"; };
		4491105C20718E9400E6E427 /* en */ = {isa = PBXFileReference; lastKnownFileType = text.plist.strings; name = en; path = en.lproj/Localizable.strings; sourceTree = "<group>"; };
		449B4A8D1D887AFA00245E82 /* StudentScheduleService.swift */ = {isa = PBXFileReference; fileEncoding = 4; lastKnownFileType = sourcecode.swift; path = StudentScheduleService.swift; sourceTree = "<group>"; };
		44B64E921E0B159400A09057 /* Student.swift */ = {isa = PBXFileReference; fileEncoding = 4; lastKnownFileType = sourcecode.swift; path = Student.swift; sourceTree = "<group>"; };
		44B64E941E0B282500A09057 /* AuthenticationViewController.swift */ = {isa = PBXFileReference; fileEncoding = 4; lastKnownFileType = sourcecode.swift; path = AuthenticationViewController.swift; sourceTree = "<group>"; };
		44B64E961E0B295900A09057 /* MyScheduleViewController.swift */ = {isa = PBXFileReference; fileEncoding = 4; lastKnownFileType = sourcecode.swift; path = MyScheduleViewController.swift; sourceTree = "<group>"; };
		44BC6F471E146B2B004446F6 /* UserProfileViewController.swift */ = {isa = PBXFileReference; fileEncoding = 4; lastKnownFileType = sourcecode.swift; path = UserProfileViewController.swift; sourceTree = "<group>"; };
		44BC6F491E146E5C004446F6 /* TintImageView.swift */ = {isa = PBXFileReference; fileEncoding = 4; lastKnownFileType = sourcecode.swift; path = TintImageView.swift; sourceTree = "<group>"; };
		44BC6F4B1E146E97004446F6 /* UIImage+Tint.swift */ = {isa = PBXFileReference; fileEncoding = 4; lastKnownFileType = sourcecode.swift; path = "UIImage+Tint.swift"; sourceTree = "<group>"; };
		44C239522079659400A0B5AF /* ru */ = {isa = PBXFileReference; lastKnownFileType = text.plist.strings; name = ru; path = ru.lproj/Localizable.strings; sourceTree = "<group>"; };
		44C2395F20797BE000A0B5AF /* en */ = {isa = PBXFileReference; lastKnownFileType = text.plist.strings; name = en; path = en.lproj/InfoPlist.strings; sourceTree = "<group>"; };
		44C2396120797BEA00A0B5AF /* be */ = {isa = PBXFileReference; lastKnownFileType = text.plist.strings; name = be; path = be.lproj/InfoPlist.strings; sourceTree = "<group>"; };
		44C2396220797BEF00A0B5AF /* ru */ = {isa = PBXFileReference; lastKnownFileType = text.plist.strings; name = ru; path = ru.lproj/InfoPlist.strings; sourceTree = "<group>"; };
		44C3A968209DACC800ABDA66 /* StudentMenuCellTableViewCell.swift */ = {isa = PBXFileReference; lastKnownFileType = sourcecode.swift; path = StudentMenuCellTableViewCell.swift; sourceTree = "<group>"; };
		44C3A96A209DACDC00ABDA66 /* TeacherMenuCellTableViewCell.swift */ = {isa = PBXFileReference; lastKnownFileType = sourcecode.swift; path = TeacherMenuCellTableViewCell.swift; sourceTree = "<group>"; };
		44C7AB122072DF1D00D4EF32 /* structured-swift4.stencil */ = {isa = PBXFileReference; fileEncoding = 4; lastKnownFileType = text; name = "structured-swift4.stencil"; path = "Pods/SwiftGen/templates/strings/structured-swift4.stencil"; sourceTree = SOURCE_ROOT; };
		44C7AB142072E10700D4EF32 /* Strings.swift */ = {isa = PBXFileReference; fileEncoding = 4; lastKnownFileType = sourcecode.swift; path = Strings.swift; sourceTree = "<group>"; };
		44D1461E1D7F84510076BDF0 /* LocalService.swift */ = {isa = PBXFileReference; fileEncoding = 4; lastKnownFileType = sourcecode.swift; path = LocalService.swift; sourceTree = "<group>"; };
		44D1461F1D7F84510076BDF0 /* ManagedObjectType.swift */ = {isa = PBXFileReference; fileEncoding = 4; lastKnownFileType = sourcecode.swift; path = ManagedObjectType.swift; sourceTree = "<group>"; };
		44D146201D7F84510076BDF0 /* NetworkService.swift */ = {isa = PBXFileReference; fileEncoding = 4; lastKnownFileType = sourcecode.swift; path = NetworkService.swift; sourceTree = "<group>"; };
		44D146211D7F84510076BDF0 /* Parsable.swift */ = {isa = PBXFileReference; fileEncoding = 4; lastKnownFileType = sourcecode.swift; path = Parsable.swift; sourceTree = "<group>"; };
		44D146261D7F84C00076BDF0 /* DepartmentsService.swift */ = {isa = PBXFileReference; fileEncoding = 4; lastKnownFileType = sourcecode.swift; path = DepartmentsService.swift; sourceTree = "<group>"; };
		44D393EB1DF0CC1700BE7086 /* TeachersService.swift */ = {isa = PBXFileReference; fileEncoding = 4; lastKnownFileType = sourcecode.swift; path = TeachersService.swift; sourceTree = "<group>"; };
		44D393ED1DF4464B00BE7086 /* CoreData 3.xcdatamodel */ = {isa = PBXFileReference; lastKnownFileType = wrapper.xcdatamodel; path = "CoreData 3.xcdatamodel"; sourceTree = "<group>"; };
		44D4EA531D7DD78800C38D1E /* CachePolicy.swift */ = {isa = PBXFileReference; fileEncoding = 4; lastKnownFileType = sourcecode.swift; path = CachePolicy.swift; sourceTree = "<group>"; };
		44D504161A780DD900265A7C /* Reachability.h */ = {isa = PBXFileReference; fileEncoding = 4; lastKnownFileType = sourcecode.c.h; path = Reachability.h; sourceTree = "<group>"; };
		44D504171A780DD900265A7C /* Reachability.m */ = {isa = PBXFileReference; fileEncoding = 4; lastKnownFileType = sourcecode.c.objc; path = Reachability.m; sourceTree = "<group>"; };
		44D504191A78147900265A7C /* ReachabilityTableView.swift */ = {isa = PBXFileReference; fileEncoding = 4; lastKnownFileType = sourcecode.swift; path = ReachabilityTableView.swift; sourceTree = "<group>"; };
		44D5041B1A7821E600265A7C /* GSReachability.swift */ = {isa = PBXFileReference; fileEncoding = 4; lastKnownFileType = sourcecode.swift; path = GSReachability.swift; sourceTree = "<group>"; };
		44F0B1201D8221DC0008D91B /* ServiceError.swift */ = {isa = PBXFileReference; fileEncoding = 4; lastKnownFileType = sourcecode.swift; path = ServiceError.swift; sourceTree = "<group>"; };
		44F0DC981DFB50450048F3AE /* FavoriteViewController.swift */ = {isa = PBXFileReference; fileEncoding = 4; lastKnownFileType = sourcecode.swift; path = FavoriteViewController.swift; sourceTree = "<group>"; };
		44F556F91D7B577F00DF6FF7 /* Array+Dict.swift */ = {isa = PBXFileReference; fileEncoding = 4; lastKnownFileType = sourcecode.swift; path = "Array+Dict.swift"; sourceTree = "<group>"; };
		8C5B0FF555C30ECD35E9A607 /* Pods_grsu_schedule.framework */ = {isa = PBXFileReference; explicitFileType = wrapper.framework; includeInIndex = 0; path = Pods_grsu_schedule.framework; sourceTree = BUILT_PRODUCTS_DIR; };
		9161E7781AC44D82C69A2900 /* Pods-grsu.schedule.debug.xcconfig */ = {isa = PBXFileReference; includeInIndex = 1; lastKnownFileType = text.xcconfig; name = "Pods-grsu.schedule.debug.xcconfig"; path = "Pods/Target Support Files/Pods-grsu.schedule/Pods-grsu.schedule.debug.xcconfig"; sourceTree = "<group>"; };
		DB37C0AA4EC9E9C48021768A /* Pods-grsu.schedule.release.xcconfig */ = {isa = PBXFileReference; includeInIndex = 1; lastKnownFileType = text.xcconfig; name = "Pods-grsu.schedule.release.xcconfig"; path = "Pods/Target Support Files/Pods-grsu.schedule/Pods-grsu.schedule.release.xcconfig"; sourceTree = "<group>"; };
/* End PBXFileReference section */

/* Begin PBXFrameworksBuildPhase section */
		2D0825E51A152913008B504E /* Frameworks */ = {
			isa = PBXFrameworksBuildPhase;
			buildActionMask = 2147483647;
			files = (
				2DCF59BC1A4C633A00D9F3FA /* SystemConfiguration.framework in Frameworks */,
				2DCF59BA1A4C632E00D9F3FA /* QuartzCore.framework in Frameworks */,
				2DCF59B81A4C632100D9F3FA /* OpenGLES.framework in Frameworks */,
				2DCF59B61A4C631600D9F3FA /* libz.dylib in Frameworks */,
				2DCF59B41A4C630B00D9F3FA /* libicucore.dylib in Frameworks */,
				2DCF59B21A4C62EE00D9F3FA /* libc++.dylib in Frameworks */,
				2DCF59B01A4C62DB00D9F3FA /* ImageIO.framework in Frameworks */,
				2DCF59AE1A4C62D300D9F3FA /* GLKit.framework in Frameworks */,
				2DCF59AC1A4C62CA00D9F3FA /* CoreText.framework in Frameworks */,
				2DCF59AA1A4C62C000D9F3FA /* CoreLocation.framework in Frameworks */,
				2DCF59A81A4C62B500D9F3FA /* AVFoundation.framework in Frameworks */,
				2D3744FD1A3DE35F00B60B3A /* MessageUI.framework in Frameworks */,
				2DDC78A61A2A30A100C1D966 /* CoreData.framework in Frameworks */,
				41684273C2A43345FA5A293C /* Pods_grsu_schedule.framework in Frameworks */,
			);
			runOnlyForDeploymentPostprocessing = 0;
		};
/* End PBXFrameworksBuildPhase section */

/* Begin PBXGroup section */
		2D0505C71A1660C200171A2E /* ServiceLayer */ = {
			isa = PBXGroup;
			children = (
				444AAD81207184D900F7CF10 /* Parametres.swift */,
				4450C1821DB6B22900EF2620 /* ParsableManagedObjectExtension.swift */,
				2D0505CA1A1662DC00171A2E /* BaseDataService.swift */,
				4437AE0A1DF629D300156CEE /* NetworkServiceQueryTypeExtension.swift */,
				44D146261D7F84C00076BDF0 /* DepartmentsService.swift */,
				4486BC5F1D837633000DFF58 /* FacultyService.swift */,
				448758401D8473320076F019 /* GroupsService.swift */,
				449B4A8D1D887AFA00245E82 /* StudentScheduleService.swift */,
				44D393EB1DF0CC1700BE7086 /* TeachersService.swift */,
				443CEC681E087EED002D2EC9 /* AuthenticationService.swift */,
				2D12012A1A4D83C20065079E /* GetUniversityBuildings.swift */,
				2D3577211A4DC142006D6914 /* UniversityBuildings.json */,
			);
			path = ServiceLayer;
			sourceTree = "<group>";
		};
		2D0825DF1A152913008B504E = {
			isa = PBXGroup;
			children = (
				2D0825EA1A152913008B504E /* grsu.schedule */,
				44C7AB0D2072DCD600D4EF32 /* Resources */,
				2D0826001A152913008B504E /* grsu.scheduleTests */,
				2D0825E91A152913008B504E /* Products */,
				DBD93D0FCB080EAA94CE82F1 /* Pods */,
				E6F585CCB3ADF13E6165C98D /* Frameworks */,
			);
			sourceTree = "<group>";
		};
		2D0825E91A152913008B504E /* Products */ = {
			isa = PBXGroup;
			children = (
				2D0825E81A152913008B504E /* grsu.schedule.app */,
			);
			name = Products;
			sourceTree = "<group>";
		};
		2D0825EA1A152913008B504E /* grsu.schedule */ = {
			isa = PBXGroup;
			children = (
				44D1461D1D7F84510076BDF0 /* ServiceLayerSDK */,
				2D6000E61A1E8229005CB141 /* Model */,
				2D96AA631A1BB09F00EDD9E2 /* Commons */,
				2DDC78841A2A1C9A00C1D966 /* CoreData */,
				2D0505C71A1660C200171A2E /* ServiceLayer */,
				2D08260D1A15299D008B504E /* GUI */,
				2D0825ED1A152913008B504E /* AppDelegate.swift */,
				2D0825F41A152913008B504E /* Images.xcassets */,
				2D0825EB1A152913008B504E /* Supporting Files */,
			);
			path = grsu.schedule;
			sourceTree = "<group>";
		};
		2D0825EB1A152913008B504E /* Supporting Files */ = {
			isa = PBXGroup;
			children = (
				2DCF59BB1A4C633A00D9F3FA /* SystemConfiguration.framework */,
				2DCF59B91A4C632E00D9F3FA /* QuartzCore.framework */,
				2DCF59B71A4C632100D9F3FA /* OpenGLES.framework */,
				2DCF59B51A4C631600D9F3FA /* libz.dylib */,
				2DCF59B31A4C630B00D9F3FA /* libicucore.dylib */,
				2DCF59B11A4C62EE00D9F3FA /* libc++.dylib */,
				2DCF59AF1A4C62DB00D9F3FA /* ImageIO.framework */,
				2DCF59AD1A4C62D300D9F3FA /* GLKit.framework */,
				2DCF59AB1A4C62CA00D9F3FA /* CoreText.framework */,
				2DCF59A91A4C62C000D9F3FA /* CoreLocation.framework */,
				2DCF59A71A4C62B500D9F3FA /* AVFoundation.framework */,
				2D3744FC1A3DE35F00B60B3A /* MessageUI.framework */,
				2DDC78A41A2A308200C1D966 /* CoreData.framework */,
				2D0A70401A1BB5F900A2A08D /* Foundation.framework */,
				2D0825EC1A152913008B504E /* Info.plist */,
			);
			name = "Supporting Files";
			sourceTree = "<group>";
		};
		2D0826001A152913008B504E /* grsu.scheduleTests */ = {
			isa = PBXGroup;
			children = (
				2D0826031A152913008B504E /* grsu_scheduleTests.swift */,
				2D0826011A152913008B504E /* Supporting Files */,
			);
			path = grsu.scheduleTests;
			sourceTree = "<group>";
		};
		2D0826011A152913008B504E /* Supporting Files */ = {
			isa = PBXGroup;
			children = (
				2D0826021A152913008B504E /* Info.plist */,
			);
			name = "Supporting Files";
			sourceTree = "<group>";
		};
		2D08260D1A15299D008B504E /* GUI */ = {
			isa = PBXGroup;
			children = (
				2D08260E1A15299D008B504E /* Commons */,
				2DBD4E911A4EBCE90055EA3A /* MapViewController */,
				2DBD4E9A1A4EDCEA0055EA3A /* LessonLocationMap */,
				2DBD4EAF1A52D09C0055EA3A /* SchedulesPageViewController */,
				2DBD4EBF1A5AF9660055EA3A /* WeekSchedulesViewController */,
				2D08261E1A15299D008B504E /* Main.storyboard */,
				440F2AE4206806C3006E3B9A /* SupportStoryboard.storyboard */,
				440F2AE22067EC8A006E3B9A /* GeneralSplitViewController.swift */,
				44481072206FC5EE0044023E /* CustomSearchController.swift */,
				440F2AE620684651006E3B9A /* FavoriteSplitViewController.swift */,
				4435EBC51E11CC6A005F43B5 /* MainTabBarController.swift */,
				2DB233F61A1BD774005F1447 /* SelectScheduleOptionsViewController.swift */,
				2D08261F1A15299D008B504E /* ScheduleOptionsTableViewController.swift */,
				2D716C3D1A38C5AA00CE7F27 /* ListOfTeachersViewController.swift */,
				2DF35A901A40BA0B0010A2F3 /* ListOfTeachersSearchDataSource.swift */,
				44F0DC981DFB50450048F3AE /* FavoriteViewController.swift */,
				2D7B6E831A39F2CE002BC208 /* TeacherInfoViewController.swift */,
				44B64E961E0B295900A09057 /* MyScheduleViewController.swift */,
				44B64E941E0B282500A09057 /* AuthenticationViewController.swift */,
				44BC6F471E146B2B004446F6 /* UserProfileViewController.swift */,
				44481074206FD9E00044023E /* TempTableViewController.swift */,
			);
			path = GUI;
			sourceTree = "<group>";
		};
		2D08260E1A15299D008B504E /* Commons */ = {
			isa = PBXGroup;
			children = (
				44641E511A5DC5E600AA46BB /* ScheduleCell */,
				442538651E22D19E00AFED79 /* Transitioning */,
				4435EBC31E1077AF005F43B5 /* ExpandedScrollView.swift */,
				2D08260F1A15299D008B504E /* PickerTableViewCell.swift */,
				2DD1BB531A27810C00DB7FCB /* WeekSchedulesHeaderFooterView.xib */,
				2DD1BB551A27850100DB7FCB /* WeekSchedulesHeaderFooterView.swift */,
				2D7B6E851A39F6D4002BC208 /* TeacherPhotoTableViewCell.swift */,
				2D3744FA1A3DDEF400B60B3A /* CustomSubtitleTableViewCell.swift */,
				2DF35A941A41F5D80010A2F3 /* RoundImageView.swift */,
				44D504191A78147900265A7C /* ReachabilityTableView.swift */,
				444822061E10555E00BE1C13 /* RoundBorderButton.swift */,
				4487C7F81E1055D600348B26 /* RoundBorderView.swift */,
				4487C7FA1E10560C00348B26 /* DesignableTextField.swift */,
				44BC6F491E146E5C004446F6 /* TintImageView.swift */,
				447063A41E170B120001C29B /* LoginBarButtonItem.swift */,
				447063A61E171AAE0001C29B /* UIStoryboard+app.swift */,
				447570631E216BB6003C6AD3 /* MenuButton.swift */,
				44481070206FC3FA0044023E /* UIColorDefault.swift */,
			);
			path = Commons;
			sourceTree = "<group>";
		};
		2D6000E61A1E8229005CB141 /* Model */ = {
			isa = PBXGroup;
			children = (
				2D6000E71A1E825D005CB141 /* ScheduleQuery.swift */,
				2D75CF4F1A22342C006F2A9D /* DaySchedule.swift */,
				2D78712C1A3214160062DCFE /* BaseTeacherInfo.swift */,
				2D12012C1A4D84380065079E /* UniversityBuilding.swift */,
				2D12012E1A4D88690065079E /* FacultyOfUniversity.swift */,
				44B64E921E0B159400A09057 /* Student.swift */,
			);
			path = Model;
			sourceTree = "<group>";
		};
		2D96AA631A1BB09F00EDD9E2 /* Commons */ = {
			isa = PBXGroup;
			children = (
				44BC6F4B1E146E97004446F6 /* UIImage+Tint.swift */,
				2D3FF2B41A23B8AC001BA278 /* grsu.schedule-Bridging-Header.h */,
				2D3FF2B81A23C00D001BA278 /* NSString+Expanded.h */,
				2D3FF2B91A23C00D001BA278 /* NSString+Expanded.m */,
				2D3FF2B51A23B8AC001BA278 /* DateUtils.h */,
				2D3FF2B61A23B8AC001BA278 /* DateUtils.m */,
				44D504161A780DD900265A7C /* Reachability.h */,
				44D504171A780DD900265A7C /* Reachability.m */,
				44D5041B1A7821E600265A7C /* GSReachability.swift */,
				2D96AA641A1BB0BB00EDD9E2 /* Constants.swift */,
				2D6B07EF1A3637F30064DD39 /* DateManager.swift */,
				2DBD4EA71A501D3B0055EA3A /* AddressUtils.swift */,
				2DB1DF441B0FB12100272312 /* RYRussianIndexedCollation.swift */,
				44D4EA531D7DD78800C38D1E /* CachePolicy.swift */,
				44F556F91D7B577F00DF6FF7 /* Array+Dict.swift */,
				4452B4D81DEF4CD800CD1A98 /* String+CapitalizingFirstLetter.swift */,
				443768511E131C7C00D4EAAA /* UserDefaults.swift */,
				446622B31E300D98002B9146 /* FlurryExpanded.swift */,
				448B066320698D5800BF2D42 /* UIDevice+type.swift */,
				4448107920713D6A0044023E /* StringExtension.swift */,
				444AAD83207185B500F7CF10 /* LocaleExtension.swift */,
			);
			path = Commons;
			sourceTree = "<group>";
		};
		2DBD4E911A4EBCE90055EA3A /* MapViewController */ = {
			isa = PBXGroup;
			children = (
				2DBD4E921A4EBD240055EA3A /* RYMapViewController.swift */,
				2DBD4E941A4EBD910055EA3A /* RYMapView.swift */,
				2DBD4E961A4EBDF50055EA3A /* RYBaseMapViewProtocol.swift */,
			);
			path = MapViewController;
			sourceTree = "<group>";
		};
		2DBD4E9A1A4EDCEA0055EA3A /* LessonLocationMap */ = {
			isa = PBXGroup;
			children = (
				2DBD4E9F1A4EEA2C0055EA3A /* CalloutView.swift */,
				2DBD4EA11A4EEA390055EA3A /* CalloutView.xib */,
				2DBD4E9C1A4EE97D0055EA3A /* LessonLocationMapViewController.swift */,
				2DBD4E9B1A4EE97D0055EA3A /* LessonLocationMapView.swift */,
				2DBD4EA31A4F14640055EA3A /* LessonLocationMapViewProtocol.swift */,
			);
			path = LessonLocationMap;
			sourceTree = "<group>";
		};
		2DBD4EAF1A52D09C0055EA3A /* SchedulesPageViewController */ = {
			isa = PBXGroup;
			children = (
				2DBD4EB01A52D09C0055EA3A /* BaseSchedulesPageViewController.swift */,
				2DBD4EB21A52D0EE0055EA3A /* StudentSchedulesPageViewController.swift */,
				2DBD4EBD1A5ADB6C0055EA3A /* TeacherSchedulesPageViewController.swift */,
				443EF03E1E1A902200C8876A /* MySchedulesPageViewController.swift */,
			);
			path = SchedulesPageViewController;
			sourceTree = "<group>";
		};
		2DBD4EBF1A5AF9660055EA3A /* WeekSchedulesViewController */ = {
			isa = PBXGroup;
			children = (
				44C3A967209DAC8600ABDA66 /* MenuCell */,
				2DBD4EC01A5AF9660055EA3A /* WeekSchedulesViewController.swift */,
				2DBD4EC21A5AF9B90055EA3A /* StudentWeekSchedulesViewController.swift */,
				2DBD4EC41A5AFE610055EA3A /* TeacherWeekSchedulesViewController.swift */,
			);
			path = WeekSchedulesViewController;
			sourceTree = "<group>";
		};
		2DDC78841A2A1C9A00C1D966 /* CoreData */ = {
			isa = PBXGroup;
			children = (
				2DDC78A71A2A359700C1D966 /* CoreDataHelper.swift */,
				2DDC78A81A2A359700C1D966 /* CoreDataStore.swift */,
				2DDC78881A2A1D7000C1D966 /* CoreData.xcdatamodeld */,
				2DBD4ECC1A5B12770055EA3A /* TeacherInfoEntity.swift */,
				2DBD4ECA1A5B124C0055EA3A /* LessonScheduleEntity.swift */,
				2D7871321A34ABDA0062DCFE /* FavoriteEntity.swift */,
				2DDC78971A2A2CF100C1D966 /* GroupsEntity.swift */,
				2DDC78B11A2B6DA900C1D966 /* DepartmentsEntity.swift */,
				2DDC78AF1A2B6DA800C1D966 /* FacultiesEntity.swift */,
				2D7871341A34AF050062DCFE /* FavoriteManager.swift */,
			);
			path = CoreData;
			sourceTree = "<group>";
		};
		442538651E22D19E00AFED79 /* Transitioning */ = {
			isa = PBXGroup;
			children = (
				442538661E22D1AA00AFED79 /* OverlayPresentationController.swift */,
				442538671E22D1AA00AFED79 /* OverlayTransitioningDelegate.swift */,
				4425386C1E22D38C00AFED79 /* BouncyViewControllerAnimator.swift */,
			);
			path = Transitioning;
			sourceTree = "<group>";
		};
		4448107620701D1B0044023E /* Cocoa */ = {
			isa = PBXGroup;
			children = (
				4448107720701D6D0044023E /* TableViewDataSource.swift */,
			);
			path = Cocoa;
			sourceTree = "<group>";
		};
		44641E511A5DC5E600AA46BB /* ScheduleCell */ = {
			isa = PBXGroup;
			children = (
				44641E531A5DC5E600AA46BB /* BaseLessonScheduleCell.swift */,
				44641E561A5DC67000AA46BB /* StudentLessonScheduleCell.swift */,
				44641E581A5DC69400AA46BB /* StudentActiveLessonScheduleCell.swift */,
				44641E5A1A5DC83700AA46BB /* TeacherLessonScheduleCell.swift */,
				44641E5C1A5DC84D00AA46BB /* TeacherActiveLessonScheduleCell.swift */,
			);
			path = ScheduleCell;
			sourceTree = "<group>";
		};
		44C3A967209DAC8600ABDA66 /* MenuCell */ = {
			isa = PBXGroup;
			children = (
				44C3A968209DACC800ABDA66 /* StudentMenuCellTableViewCell.swift */,
				44C3A96A209DACDC00ABDA66 /* TeacherMenuCellTableViewCell.swift */,
			);
			path = MenuCell;
			sourceTree = "<group>";
		};
		44C7AB0D2072DCD600D4EF32 /* Resources */ = {
			isa = PBXGroup;
			children = (
				443B0B6B2079F88A005125A1 /* LaunchScreen.xib */,
				443B0B6E2079F8D9005125A1 /* LaunchScreen_be.xib */,
				443B0B6D2079F8D9005125A1 /* LaunchScreen_ru.xib */,
				44C7AB122072DF1D00D4EF32 /* structured-swift4.stencil */,
				4491105720718D5700E6E427 /* Localizable.strings */,
				44C7AB142072E10700D4EF32 /* Strings.swift */,
				44C2396020797BE000A0B5AF /* InfoPlist.strings */,
			);
			path = Resources;
			sourceTree = "<group>";
		};
		44D1461D1D7F84510076BDF0 /* ServiceLayerSDK */ = {
			isa = PBXGroup;
			children = (
				4448107620701D1B0044023E /* Cocoa */,
				44F0B1201D8221DC0008D91B /* ServiceError.swift */,
				44D1461F1D7F84510076BDF0 /* ManagedObjectType.swift */,
				448758421D85F8120076F019 /* QueryInfoType.swift */,
				44D146211D7F84510076BDF0 /* Parsable.swift */,
				448758441D85F8460076F019 /* ModelType.swift */,
				44D1461E1D7F84510076BDF0 /* LocalService.swift */,
				44D146201D7F84510076BDF0 /* NetworkService.swift */,
			);
			path = ServiceLayerSDK;
			sourceTree = "<group>";
		};
		DBD93D0FCB080EAA94CE82F1 /* Pods */ = {
			isa = PBXGroup;
			children = (
				9161E7781AC44D82C69A2900 /* Pods-grsu.schedule.debug.xcconfig */,
				DB37C0AA4EC9E9C48021768A /* Pods-grsu.schedule.release.xcconfig */,
			);
			name = Pods;
			sourceTree = "<group>";
		};
		E6F585CCB3ADF13E6165C98D /* Frameworks */ = {
			isa = PBXGroup;
			children = (
				8C5B0FF555C30ECD35E9A607 /* Pods_grsu_schedule.framework */,
			);
			name = Frameworks;
			sourceTree = "<group>";
		};
/* End PBXGroup section */

/* Begin PBXNativeTarget section */
		2D0825E71A152913008B504E /* grsu.schedule */ = {
			isa = PBXNativeTarget;
			buildConfigurationList = 2D0826071A152913008B504E /* Build configuration list for PBXNativeTarget "grsu.schedule" */;
			buildPhases = (
				3235382F1D5A6B8A540F166F /* [CP] Check Pods Manifest.lock */,
				44C7AB0C2072DC3500D4EF32 /* Run Script SwiftGen */,
				2D0825E41A152913008B504E /* Sources */,
				2D0825E51A152913008B504E /* Frameworks */,
				2D0825E61A152913008B504E /* Resources */,
				E98A390C98526F98A13A5544 /* [CP] Embed Pods Frameworks */,
				075B7BFECB3ECE0EAAAC627D /* [CP] Copy Pods Resources */,
				443A61AA1E3163EF006D347F /* ShellScript */,
			);
			buildRules = (
			);
			dependencies = (
			);
			name = grsu.schedule;
			productName = grsu.schedule;
			productReference = 2D0825E81A152913008B504E /* grsu.schedule.app */;
			productType = "com.apple.product-type.application";
		};
/* End PBXNativeTarget section */

/* Begin PBXProject section */
		2D0825E01A152913008B504E /* Project object */ = {
			isa = PBXProject;
			attributes = {
				LastSwiftUpdateCheck = 0710;
				LastUpgradeCheck = 0610;
				ORGANIZATIONNAME = "Ruslan Maslouski";
				TargetAttributes = {
					2D0825E71A152913008B504E = {
						CreatedOnToolsVersion = 6.1;
						DevelopmentTeam = E7DAAV478D;
						LastSwiftMigration = 0900;
					};
				};
			};
			buildConfigurationList = 2D0825E31A152913008B504E /* Build configuration list for PBXProject "grsu.schedule" */;
			compatibilityVersion = "Xcode 3.2";
			developmentRegion = English;
			hasScannedForEncodings = 0;
			knownRegions = (
				English,
				en,
				Base,
				be,
				ru,
			);
			mainGroup = 2D0825DF1A152913008B504E;
			productRefGroup = 2D0825E91A152913008B504E /* Products */;
			projectDirPath = "";
			projectRoot = "";
			targets = (
				2D0825E71A152913008B504E /* grsu.schedule */,
			);
		};
/* End PBXProject section */

/* Begin PBXResourcesBuildPhase section */
		2D0825E61A152913008B504E /* Resources */ = {
			isa = PBXResourcesBuildPhase;
			buildActionMask = 2147483647;
			files = (
				2D3577221A4DC142006D6914 /* UniversityBuildings.json in Resources */,
				2D08262A1A15299D008B504E /* Main.storyboard in Resources */,
				44C7AB132072DF1D00D4EF32 /* structured-swift4.stencil in Resources */,
				2D0825F51A152913008B504E /* Images.xcassets in Resources */,
				2D8D59F01A682DDB00EB1884 /* WeekSchedulesHeaderFooterView.xib in Resources */,
				443B0B702079F8D9005125A1 /* LaunchScreen_be.xib in Resources */,
				4491105520718D5700E6E427 /* Localizable.strings in Resources */,
				440F2AE5206806C3006E3B9A /* SupportStoryboard.storyboard in Resources */,
				2D0427751A6D6CC400222E12 /* CalloutView.xib in Resources */,
				443B0B6F2079F8D9005125A1 /* LaunchScreen_ru.xib in Resources */,
				443B0B6C2079F88B005125A1 /* LaunchScreen.xib in Resources */,
				44C2395E20797BE000A0B5AF /* InfoPlist.strings in Resources */,
			);
			runOnlyForDeploymentPostprocessing = 0;
		};
/* End PBXResourcesBuildPhase section */

/* Begin PBXShellScriptBuildPhase section */
		075B7BFECB3ECE0EAAAC627D /* [CP] Copy Pods Resources */ = {
			isa = PBXShellScriptBuildPhase;
			buildActionMask = 2147483647;
			files = (
			);
			inputPaths = (
				"${SRCROOT}/Pods/Target Support Files/Pods-grsu.schedule/Pods-grsu.schedule-resources.sh",
				"${PODS_ROOT}/GoogleMaps/Maps/Frameworks/GoogleMaps.framework/Resources/GoogleMaps.bundle",
			);
			name = "[CP] Copy Pods Resources";
			outputPaths = (
				"${TARGET_BUILD_DIR}/${UNLOCALIZED_RESOURCES_FOLDER_PATH}/GoogleMaps.bundle",
			);
			runOnlyForDeploymentPostprocessing = 0;
			shellPath = /bin/sh;
			shellScript = "\"${SRCROOT}/Pods/Target Support Files/Pods-grsu.schedule/Pods-grsu.schedule-resources.sh\"\n";
			showEnvVarsInLog = 0;
		};
		3235382F1D5A6B8A540F166F /* [CP] Check Pods Manifest.lock */ = {
			isa = PBXShellScriptBuildPhase;
			buildActionMask = 2147483647;
			files = (
			);
			inputPaths = (
				"${PODS_PODFILE_DIR_PATH}/Podfile.lock",
				"${PODS_ROOT}/Manifest.lock",
			);
			name = "[CP] Check Pods Manifest.lock";
			outputPaths = (
				"$(DERIVED_FILE_DIR)/Pods-grsu.schedule-checkManifestLockResult.txt",
			);
			runOnlyForDeploymentPostprocessing = 0;
			shellPath = /bin/sh;
			shellScript = "diff \"${PODS_PODFILE_DIR_PATH}/Podfile.lock\" \"${PODS_ROOT}/Manifest.lock\" > /dev/null\nif [ $? != 0 ] ; then\n    # print error to STDERR\n    echo \"error: The sandbox is not in sync with the Podfile.lock. Run 'pod install' or update your CocoaPods installation.\" >&2\n    exit 1\nfi\n# This output is used by Xcode 'outputs' to avoid re-running this script phase.\necho \"SUCCESS\" > \"${SCRIPT_OUTPUT_FILE_0}\"\n";
			showEnvVarsInLog = 0;
		};
		443A61AA1E3163EF006D347F /* ShellScript */ = {
			isa = PBXShellScriptBuildPhase;
			buildActionMask = 2147483647;
			files = (
			);
			inputPaths = (
			);
			outputPaths = (
			);
			runOnlyForDeploymentPostprocessing = 0;
			shellPath = /bin/sh;
			shellScript = "\"${PODS_ROOT}/Fabric/run\" a2f7fc842308ed8fcd896ff954a614aa5d21152e 09c70369e0c7f7019b7ec02e6e91159b43abf866c0989e473585f3904290c671";
		};
		44C7AB0C2072DC3500D4EF32 /* Run Script SwiftGen */ = {
			isa = PBXShellScriptBuildPhase;
			buildActionMask = 2147483647;
			files = (
			);
			inputPaths = (
			);
			name = "Run Script SwiftGen";
			outputPaths = (
			);
			runOnlyForDeploymentPostprocessing = 0;
			shellPath = /bin/sh;
			shellScript = "$PODS_ROOT/SwiftGen/bin/swiftgen strings --template structured-swift4 --output ${SRCROOT}/Resources/Strings.swift ${SRCROOT}/Resources/en.lproj/Localizable.strings\n";
		};
		E98A390C98526F98A13A5544 /* [CP] Embed Pods Frameworks */ = {
			isa = PBXShellScriptBuildPhase;
			buildActionMask = 2147483647;
			files = (
			);
			inputPaths = (
				"${SRCROOT}/Pods/Target Support Files/Pods-grsu.schedule/Pods-grsu.schedule-frameworks.sh",
				"${BUILT_PRODUCTS_DIR}/Armchair/Armchair.framework",
				"${BUILT_PRODUCTS_DIR}/Flurry-iOS-SDK/Flurry_iOS_SDK.framework",
				"${BUILT_PRODUCTS_DIR}/MBProgressHUD/MBProgressHUD.framework",
				"${BUILT_PRODUCTS_DIR}/RAMAnimatedTabBarController/RAMAnimatedTabBarController.framework",
			);
			name = "[CP] Embed Pods Frameworks";
			outputPaths = (
				"${TARGET_BUILD_DIR}/${FRAMEWORKS_FOLDER_PATH}/Armchair.framework",
				"${TARGET_BUILD_DIR}/${FRAMEWORKS_FOLDER_PATH}/Flurry_iOS_SDK.framework",
				"${TARGET_BUILD_DIR}/${FRAMEWORKS_FOLDER_PATH}/MBProgressHUD.framework",
				"${TARGET_BUILD_DIR}/${FRAMEWORKS_FOLDER_PATH}/RAMAnimatedTabBarController.framework",
			);
			runOnlyForDeploymentPostprocessing = 0;
			shellPath = /bin/sh;
			shellScript = "\"${SRCROOT}/Pods/Target Support Files/Pods-grsu.schedule/Pods-grsu.schedule-frameworks.sh\"\n";
			showEnvVarsInLog = 0;
		};
/* End PBXShellScriptBuildPhase section */

/* Begin PBXSourcesBuildPhase section */
		2D0825E41A152913008B504E /* Sources */ = {
			isa = PBXSourcesBuildPhase;
			buildActionMask = 2147483647;
			files = (
				44641E5D1A5DC84D00AA46BB /* TeacherActiveLessonScheduleCell.swift in Sources */,
				2D3744FB1A3DDEF400B60B3A /* CustomSubtitleTableViewCell.swift in Sources */,
				444AAD84207185B500F7CF10 /* LocaleExtension.swift in Sources */,
				2DBD4ECB1A5B124C0055EA3A /* LessonScheduleEntity.swift in Sources */,
				44C3A96B209DACDC00ABDA66 /* TeacherMenuCellTableViewCell.swift in Sources */,
				4487C7FB1E10560C00348B26 /* DesignableTextField.swift in Sources */,
				2DDC788A1A2A1D7000C1D966 /* CoreData.xcdatamodeld in Sources */,
				2DDC78B21A2B6DA900C1D966 /* DepartmentsEntity.swift in Sources */,
				2DDC78B01A2B6DA800C1D966 /* FacultiesEntity.swift in Sources */,
				44641E5B1A5DC83700AA46BB /* TeacherLessonScheduleCell.swift in Sources */,
				4448107A20713D6B0044023E /* StringExtension.swift in Sources */,
				2D75CF501A22342C006F2A9D /* DaySchedule.swift in Sources */,
				2D0826201A15299D008B504E /* PickerTableViewCell.swift in Sources */,
				2DD1BB561A27850100DB7FCB /* WeekSchedulesHeaderFooterView.swift in Sources */,
				2D7871351A34AF050062DCFE /* FavoriteManager.swift in Sources */,
				2DBD4E971A4EBDF50055EA3A /* RYBaseMapViewProtocol.swift in Sources */,
				2D7B6E841A39F2CE002BC208 /* TeacherInfoViewController.swift in Sources */,
				44C3A969209DACC800ABDA66 /* StudentMenuCellTableViewCell.swift in Sources */,
				2DBD4EA41A4F14640055EA3A /* LessonLocationMapViewProtocol.swift in Sources */,
				2DDC78AA1A2A359700C1D966 /* CoreDataStore.swift in Sources */,
				443CEC691E087EED002D2EC9 /* AuthenticationService.swift in Sources */,
				2D12012D1A4D84380065079E /* UniversityBuilding.swift in Sources */,
				44B64E971E0B295900A09057 /* MyScheduleViewController.swift in Sources */,
				44D5041A1A78147900265A7C /* ReachabilityTableView.swift in Sources */,
				447570641E216BB6003C6AD3 /* MenuButton.swift in Sources */,
				44481075206FD9E00044023E /* TempTableViewController.swift in Sources */,
				2DBD4EC31A5AF9B90055EA3A /* StudentWeekSchedulesViewController.swift in Sources */,
				440F2AE32067EC8A006E3B9A /* GeneralSplitViewController.swift in Sources */,
				2DBD4E9E1A4EE97D0055EA3A /* LessonLocationMapViewController.swift in Sources */,
				4486BC601D837633000DFF58 /* FacultyService.swift in Sources */,
				2DDC78A91A2A359700C1D966 /* CoreDataHelper.swift in Sources */,
				4487C7F91E1055D600348B26 /* RoundBorderView.swift in Sources */,
				448758431D85F8120076F019 /* QueryInfoType.swift in Sources */,
				444AAD82207184D900F7CF10 /* Parametres.swift in Sources */,
				443EF03F1E1A902200C8876A /* MySchedulesPageViewController.swift in Sources */,
				2DBD4EA81A501D3B0055EA3A /* AddressUtils.swift in Sources */,
				2DB1DF451B0FB12100272312 /* RYRussianIndexedCollation.swift in Sources */,
				2DBD4EC51A5AFE610055EA3A /* TeacherWeekSchedulesViewController.swift in Sources */,
				44B64E951E0B282500A09057 /* AuthenticationViewController.swift in Sources */,
				44481073206FC5EE0044023E /* CustomSearchController.swift in Sources */,
				2DDC78981A2A2CF100C1D966 /* GroupsEntity.swift in Sources */,
				44F0DC991DFB50450048F3AE /* FavoriteViewController.swift in Sources */,
				2DBD4EBE1A5ADB6C0055EA3A /* TeacherSchedulesPageViewController.swift in Sources */,
				444822071E10555E00BE1C13 /* RoundBorderButton.swift in Sources */,
				448758411D8473320076F019 /* GroupsService.swift in Sources */,
				2D6000E81A1E825D005CB141 /* ScheduleQuery.swift in Sources */,
				2D12012F1A4D88690065079E /* FacultyOfUniversity.swift in Sources */,
				448B066420698D5800BF2D42 /* UIDevice+type.swift in Sources */,
				44D146251D7F84510076BDF0 /* Parsable.swift in Sources */,
				2D96AA651A1BB0BB00EDD9E2 /* Constants.swift in Sources */,
				4452B4D91DEF4CD800CD1A98 /* String+CapitalizingFirstLetter.swift in Sources */,
				447063A71E171AAE0001C29B /* UIStoryboard+app.swift in Sources */,
				44BC6F4A1E146E5C004446F6 /* TintImageView.swift in Sources */,
				2D0825EE1A152913008B504E /* AppDelegate.swift in Sources */,
				2D0505CB1A1662DC00171A2E /* BaseDataService.swift in Sources */,
				2DBD4EB11A52D09C0055EA3A /* BaseSchedulesPageViewController.swift in Sources */,
				44641E551A5DC5E600AA46BB /* BaseLessonScheduleCell.swift in Sources */,
				448758451D85F8460076F019 /* ModelType.swift in Sources */,
				447063A51E170B120001C29B /* LoginBarButtonItem.swift in Sources */,
				2D7B6E861A39F6D4002BC208 /* TeacherPhotoTableViewCell.swift in Sources */,
				44D393EC1DF0CC1700BE7086 /* TeachersService.swift in Sources */,
				443768521E131C7C00D4EAAA /* UserDefaults.swift in Sources */,
				44F0B1211D8221DC0008D91B /* ServiceError.swift in Sources */,
				44BC6F4C1E146E97004446F6 /* UIImage+Tint.swift in Sources */,
				449B4A8E1D887AFA00245E82 /* StudentScheduleService.swift in Sources */,
				44D146271D7F84C00076BDF0 /* DepartmentsService.swift in Sources */,
				44D504181A780DD900265A7C /* Reachability.m in Sources */,
				2DBD4EC11A5AF9660055EA3A /* WeekSchedulesViewController.swift in Sources */,
				44641E571A5DC67000AA46BB /* StudentLessonScheduleCell.swift in Sources */,
				442538691E22D1AA00AFED79 /* OverlayPresentationController.swift in Sources */,
				44F556FA1D7B577F00DF6FF7 /* Array+Dict.swift in Sources */,
				2D12012B1A4D83C20065079E /* GetUniversityBuildings.swift in Sources */,
				44B64E931E0B159400A09057 /* Student.swift in Sources */,
				2DBD4E931A4EBD240055EA3A /* RYMapViewController.swift in Sources */,
				4435EBC61E11CC6A005F43B5 /* MainTabBarController.swift in Sources */,
				446622B41E300D98002B9146 /* FlurryExpanded.swift in Sources */,
				2D08262B1A15299D008B504E /* ScheduleOptionsTableViewController.swift in Sources */,
				2D3FF2B71A23B8AC001BA278 /* DateUtils.m in Sources */,
				2D3FF2BA1A23C00D001BA278 /* NSString+Expanded.m in Sources */,
				44D4EA541D7DD78800C38D1E /* CachePolicy.swift in Sources */,
				4435EBC41E1077AF005F43B5 /* ExpandedScrollView.swift in Sources */,
				2DBD4EA01A4EEA2C0055EA3A /* CalloutView.swift in Sources */,
				44BC6F481E146B2B004446F6 /* UserProfileViewController.swift in Sources */,
				4425386A1E22D1AA00AFED79 /* OverlayTransitioningDelegate.swift in Sources */,
				2DB233F71A1BD774005F1447 /* SelectScheduleOptionsViewController.swift in Sources */,
				2D716C3E1A38C5AA00CE7F27 /* ListOfTeachersViewController.swift in Sources */,
				4450C1831DB6B22900EF2620 /* ParsableManagedObjectExtension.swift in Sources */,
				44D5041C1A7821E600265A7C /* GSReachability.swift in Sources */,
				44D146241D7F84510076BDF0 /* NetworkService.swift in Sources */,
				2D6B07F01A3637F30064DD39 /* DateManager.swift in Sources */,
				4448107820701D6D0044023E /* TableViewDataSource.swift in Sources */,
				4437AE0B1DF629D300156CEE /* NetworkServiceQueryTypeExtension.swift in Sources */,
				4425386D1E22D38C00AFED79 /* BouncyViewControllerAnimator.swift in Sources */,
				2DBD4E951A4EBD910055EA3A /* RYMapView.swift in Sources */,
				440F2AE720684651006E3B9A /* FavoriteSplitViewController.swift in Sources */,
				44481071206FC3FA0044023E /* UIColorDefault.swift in Sources */,
				2D7871331A34ABDA0062DCFE /* FavoriteEntity.swift in Sources */,
				2DF35A951A41F5D80010A2F3 /* RoundImageView.swift in Sources */,
				2D78712D1A3214160062DCFE /* BaseTeacherInfo.swift in Sources */,
				44C7AB152072E10700D4EF32 /* Strings.swift in Sources */,
				2DF35A911A40BA0B0010A2F3 /* ListOfTeachersSearchDataSource.swift in Sources */,
				44D146221D7F84510076BDF0 /* LocalService.swift in Sources */,
				44D146231D7F84510076BDF0 /* ManagedObjectType.swift in Sources */,
				2DBD4EB31A52D0EE0055EA3A /* StudentSchedulesPageViewController.swift in Sources */,
				44641E591A5DC69400AA46BB /* StudentActiveLessonScheduleCell.swift in Sources */,
				2DBD4E9D1A4EE97D0055EA3A /* LessonLocationMapView.swift in Sources */,
				2DBD4ECD1A5B12770055EA3A /* TeacherInfoEntity.swift in Sources */,
			);
			runOnlyForDeploymentPostprocessing = 0;
		};
/* End PBXSourcesBuildPhase section */

/* Begin PBXVariantGroup section */
		4491105720718D5700E6E427 /* Localizable.strings */ = {
			isa = PBXVariantGroup;
			children = (
				4491105A20718D8800E6E427 /* be */,
				4491105C20718E9400E6E427 /* en */,
				44C239522079659400A0B5AF /* ru */,
			);
			name = Localizable.strings;
			sourceTree = "<group>";
		};
		44C2396020797BE000A0B5AF /* InfoPlist.strings */ = {
			isa = PBXVariantGroup;
			children = (
				44C2395F20797BE000A0B5AF /* en */,
				44C2396120797BEA00A0B5AF /* be */,
				44C2396220797BEF00A0B5AF /* ru */,
			);
			name = InfoPlist.strings;
			sourceTree = "<group>";
		};
/* End PBXVariantGroup section */

/* Begin XCBuildConfiguration section */
		2D0826051A152913008B504E /* Debug */ = {
			isa = XCBuildConfiguration;
			buildSettings = {
				ALWAYS_SEARCH_USER_PATHS = NO;
				CLANG_ANALYZER_LOCALIZABILITY_NONLOCALIZED = YES;
				CLANG_CXX_LANGUAGE_STANDARD = "gnu++0x";
				CLANG_CXX_LIBRARY = "libc++";
				CLANG_ENABLE_MODULES = YES;
				CLANG_ENABLE_OBJC_ARC = YES;
				CLANG_WARN_BOOL_CONVERSION = YES;
				CLANG_WARN_CONSTANT_CONVERSION = YES;
				CLANG_WARN_DIRECT_OBJC_ISA_USAGE = YES_ERROR;
				CLANG_WARN_EMPTY_BODY = YES;
				CLANG_WARN_ENUM_CONVERSION = YES;
				CLANG_WARN_INT_CONVERSION = YES;
				CLANG_WARN_OBJC_ROOT_CLASS = YES_ERROR;
				CLANG_WARN_UNREACHABLE_CODE = YES;
				CLANG_WARN__DUPLICATE_METHOD_MATCH = YES;
				"CODE_SIGN_IDENTITY[sdk=iphoneos*]" = "iPhone Developer";
				COPY_PHASE_STRIP = NO;
				ENABLE_STRICT_OBJC_MSGSEND = YES;
				GCC_C_LANGUAGE_STANDARD = gnu99;
				GCC_DYNAMIC_NO_PIC = NO;
				GCC_OPTIMIZATION_LEVEL = 0;
				GCC_PREPROCESSOR_DEFINITIONS = (
					"DEBUG=1",
					"$(inherited)",
				);
				GCC_SYMBOLS_PRIVATE_EXTERN = NO;
				GCC_WARN_64_TO_32_BIT_CONVERSION = YES;
				GCC_WARN_ABOUT_RETURN_TYPE = YES_ERROR;
				GCC_WARN_UNDECLARED_SELECTOR = YES;
				GCC_WARN_UNINITIALIZED_AUTOS = YES_AGGRESSIVE;
				GCC_WARN_UNUSED_FUNCTION = YES;
				GCC_WARN_UNUSED_VARIABLE = YES;
				IPHONEOS_DEPLOYMENT_TARGET = 8.0;
				MTL_ENABLE_DEBUG_INFO = YES;
				ONLY_ACTIVE_ARCH = YES;
				SDKROOT = iphoneos;
				SWIFT_OPTIMIZATION_LEVEL = "-Onone";
			};
			name = Debug;
		};
		2D0826061A152913008B504E /* Release */ = {
			isa = XCBuildConfiguration;
			buildSettings = {
				ALWAYS_SEARCH_USER_PATHS = NO;
				CLANG_ANALYZER_LOCALIZABILITY_NONLOCALIZED = YES;
				CLANG_CXX_LANGUAGE_STANDARD = "gnu++0x";
				CLANG_CXX_LIBRARY = "libc++";
				CLANG_ENABLE_MODULES = YES;
				CLANG_ENABLE_OBJC_ARC = YES;
				CLANG_WARN_BOOL_CONVERSION = YES;
				CLANG_WARN_CONSTANT_CONVERSION = YES;
				CLANG_WARN_DIRECT_OBJC_ISA_USAGE = YES_ERROR;
				CLANG_WARN_EMPTY_BODY = YES;
				CLANG_WARN_ENUM_CONVERSION = YES;
				CLANG_WARN_INT_CONVERSION = YES;
				CLANG_WARN_OBJC_ROOT_CLASS = YES_ERROR;
				CLANG_WARN_UNREACHABLE_CODE = YES;
				CLANG_WARN__DUPLICATE_METHOD_MATCH = YES;
				"CODE_SIGN_IDENTITY[sdk=iphoneos*]" = "iPhone Developer";
				COPY_PHASE_STRIP = YES;
				ENABLE_NS_ASSERTIONS = NO;
				ENABLE_STRICT_OBJC_MSGSEND = YES;
				GCC_C_LANGUAGE_STANDARD = gnu99;
				GCC_WARN_64_TO_32_BIT_CONVERSION = YES;
				GCC_WARN_ABOUT_RETURN_TYPE = YES_ERROR;
				GCC_WARN_UNDECLARED_SELECTOR = YES;
				GCC_WARN_UNINITIALIZED_AUTOS = YES_AGGRESSIVE;
				GCC_WARN_UNUSED_FUNCTION = YES;
				GCC_WARN_UNUSED_VARIABLE = YES;
				IPHONEOS_DEPLOYMENT_TARGET = 8.0;
				MTL_ENABLE_DEBUG_INFO = NO;
				SDKROOT = iphoneos;
				VALIDATE_PRODUCT = YES;
			};
			name = Release;
		};
		2D0826081A152913008B504E /* Debug */ = {
			isa = XCBuildConfiguration;
			baseConfigurationReference = 9161E7781AC44D82C69A2900 /* Pods-grsu.schedule.debug.xcconfig */;
			buildSettings = {
				ASSETCATALOG_COMPILER_APPICON_NAME = AppIcon;
				CLANG_ENABLE_MODULES = YES;
				CODE_SIGN_IDENTITY = "iPhone Developer";
				"CODE_SIGN_IDENTITY[sdk=iphoneos*]" = "iPhone Developer";
				DEVELOPMENT_TEAM = E7DAAV478D;
				EMBEDDED_CONTENT_CONTAINS_SWIFT = "$(inherited)";
				FRAMEWORK_SEARCH_PATHS = (
					"$(inherited)",
					"$(PROJECT_DIR)/grsu.schedule",
				);
				INFOPLIST_FILE = grsu.schedule/Info.plist;
				IPHONEOS_DEPLOYMENT_TARGET = 11.0;
				LD_RUNPATH_SEARCH_PATHS = "$(inherited) @executable_path/Frameworks";
				LIBRARY_SEARCH_PATHS = (
					"$(inherited)",
					"$(PROJECT_DIR)/grsu.schedule",
				);
				OTHER_LDFLAGS = (
					"-ObjC",
					"$(inherited)",
				);
				OTHER_SWIFT_FLAGS = "$(inherited) \"-D\" \"COCOAPODS\" -DDEBUG";
				PRODUCT_BUNDLE_IDENTIFIER = "com.grsu.schedule-1";
				PRODUCT_NAME = "$(TARGET_NAME)";
				PROVISIONING_PROFILE = "";
				SWIFT_OBJC_BRIDGING_HEADER = "grsu.schedule/Commons/grsu.schedule-Bridging-Header.h";
				SWIFT_OPTIMIZATION_LEVEL = "-Onone";
				SWIFT_VERSION = 4.0;
				TARGETED_DEVICE_FAMILY = "1,2";
			};
			name = Debug;
		};
		2D0826091A152913008B504E /* Release */ = {
			isa = XCBuildConfiguration;
			baseConfigurationReference = DB37C0AA4EC9E9C48021768A /* Pods-grsu.schedule.release.xcconfig */;
			buildSettings = {
				ASSETCATALOG_COMPILER_APPICON_NAME = AppIcon;
				CLANG_ENABLE_MODULES = YES;
				CODE_SIGN_IDENTITY = "iPhone Developer";
				"CODE_SIGN_IDENTITY[sdk=iphoneos*]" = "iPhone Developer";
				DEVELOPMENT_TEAM = E7DAAV478D;
				EMBEDDED_CONTENT_CONTAINS_SWIFT = "$(inherited)";
				FRAMEWORK_SEARCH_PATHS = (
					"$(inherited)",
					"$(PROJECT_DIR)/grsu.schedule",
				);
				INFOPLIST_FILE = grsu.schedule/Info.plist;
				IPHONEOS_DEPLOYMENT_TARGET = 11.0;
				LD_RUNPATH_SEARCH_PATHS = "$(inherited) @executable_path/Frameworks";
				LIBRARY_SEARCH_PATHS = (
					"$(inherited)",
					"$(PROJECT_DIR)/grsu.schedule",
				);
				OTHER_LDFLAGS = (
					"-ObjC",
					"$(inherited)",
				);
				PRODUCT_BUNDLE_IDENTIFIER = "com.grsu.schedule-1";
				PRODUCT_NAME = "$(TARGET_NAME)";
				PROVISIONING_PROFILE = "";
				SWIFT_OBJC_BRIDGING_HEADER = "grsu.schedule/Commons/grsu.schedule-Bridging-Header.h";
				SWIFT_VERSION = 4.0;
				TARGETED_DEVICE_FAMILY = "1,2";
			};
			name = Release;
		};
/* End XCBuildConfiguration section */

/* Begin XCConfigurationList section */
		2D0825E31A152913008B504E /* Build configuration list for PBXProject "grsu.schedule" */ = {
			isa = XCConfigurationList;
			buildConfigurations = (
				2D0826051A152913008B504E /* Debug */,
				2D0826061A152913008B504E /* Release */,
			);
			defaultConfigurationIsVisible = 0;
			defaultConfigurationName = Release;
		};
		2D0826071A152913008B504E /* Build configuration list for PBXNativeTarget "grsu.schedule" */ = {
			isa = XCConfigurationList;
			buildConfigurations = (
				2D0826081A152913008B504E /* Debug */,
				2D0826091A152913008B504E /* Release */,
			);
			defaultConfigurationIsVisible = 0;
			defaultConfigurationName = Release;
		};
/* End XCConfigurationList section */

/* Begin XCVersionGroup section */
		2DDC78881A2A1D7000C1D966 /* CoreData.xcdatamodeld */ = {
			isa = XCVersionGroup;
			children = (
				4435C604271F07EB0041FAED /* CoreData 4.xcdatamodel */,
				44D393ED1DF4464B00BE7086 /* CoreData 3.xcdatamodel */,
				2DDC78891A2A1D7000C1D966 /* CoreData.xcdatamodel */,
			);
			currentVersion = 4435C604271F07EB0041FAED /* CoreData 4.xcdatamodel */;
			path = CoreData.xcdatamodeld;
			sourceTree = "<group>";
			versionGroupType = wrapper.xcdatamodel;
		};
/* End XCVersionGroup section */
	};
	rootObject = 2D0825E01A152913008B504E /* Project object */;
}
